// !$*UTF8*$!
{
	archiveVersion = 1;
	classes = {
	};
	objectVersion = 50;
	objects = {

/* Begin PBXBuildFile section */
		41F353D0288FCF2500145F6E /* AppDelegate.swift in Sources */ = {isa = PBXBuildFile; fileRef = 41F353CF288FCF2500145F6E /* AppDelegate.swift */; };
		41F353D2288FCF2500145F6E /* SceneDelegate.swift in Sources */ = {isa = PBXBuildFile; fileRef = 41F353D1288FCF2500145F6E /* SceneDelegate.swift */; };
		41F353D4288FCF2500145F6E /* ViewController.swift in Sources */ = {isa = PBXBuildFile; fileRef = 41F353D3288FCF2500145F6E /* ViewController.swift */; };
		41F353D7288FCF2500145F6E /* Main.storyboard in Resources */ = {isa = PBXBuildFile; fileRef = 41F353D5288FCF2500145F6E /* Main.storyboard */; };
		41F353D9288FCF2D00145F6E /* Assets.xcassets in Resources */ = {isa = PBXBuildFile; fileRef = 41F353D8288FCF2D00145F6E /* Assets.xcassets */; };
		41F353DC288FCF2D00145F6E /* LaunchScreen.storyboard in Resources */ = {isa = PBXBuildFile; fileRef = 41F353DA288FCF2D00145F6E /* LaunchScreen.storyboard */; };
		41F353E7288FCF2D00145F6E /* Scene_UnwindSegueTests.swift in Sources */ = {isa = PBXBuildFile; fileRef = 41F353E6288FCF2D00145F6E /* Scene_UnwindSegueTests.swift */; };
		41F353F2288FCF2D00145F6E /* Scene_UnwindSegueUITests.swift in Sources */ = {isa = PBXBuildFile; fileRef = 41F353F1288FCF2D00145F6E /* Scene_UnwindSegueUITests.swift */; };
/* End PBXBuildFile section */

/* Begin PBXContainerItemProxy section */
		41F353E3288FCF2D00145F6E /* PBXContainerItemProxy */ = {
			isa = PBXContainerItemProxy;
			containerPortal = 41F353C4288FCF2500145F6E /* Project object */;
			proxyType = 1;
			remoteGlobalIDString = 41F353CB288FCF2500145F6E;
			remoteInfo = "Scene-UnwindSegue";
		};
		41F353EE288FCF2D00145F6E /* PBXContainerItemProxy */ = {
			isa = PBXContainerItemProxy;
			containerPortal = 41F353C4288FCF2500145F6E /* Project object */;
			proxyType = 1;
			remoteGlobalIDString = 41F353CB288FCF2500145F6E;
			remoteInfo = "Scene-UnwindSegue";
		};
/* End PBXContainerItemProxy section */

/* Begin PBXFileReference section */
		41F353CC288FCF2500145F6E /* Scene-UnwindSegue.app */ = {isa = PBXFileReference; explicitFileType = wrapper.application; includeInIndex = 0; path = "Scene-UnwindSegue.app"; sourceTree = BUILT_PRODUCTS_DIR; };
		41F353CF288FCF2500145F6E /* AppDelegate.swift */ = {isa = PBXFileReference; lastKnownFileType = sourcecode.swift; path = AppDelegate.swift; sourceTree = "<group>"; };
		41F353D1288FCF2500145F6E /* SceneDelegate.swift */ = {isa = PBXFileReference; lastKnownFileType = sourcecode.swift; path = SceneDelegate.swift; sourceTree = "<group>"; };
		41F353D3288FCF2500145F6E /* ViewController.swift */ = {isa = PBXFileReference; lastKnownFileType = sourcecode.swift; path = ViewController.swift; sourceTree = "<group>"; };
		41F353D6288FCF2500145F6E /* Base */ = {isa = PBXFileReference; lastKnownFileType = file.storyboard; name = Base; path = Base.lproj/Main.storyboard; sourceTree = "<group>"; };
		41F353D8288FCF2D00145F6E /* Assets.xcassets */ = {isa = PBXFileReference; lastKnownFileType = folder.assetcatalog; path = Assets.xcassets; sourceTree = "<group>"; };
		41F353DB288FCF2D00145F6E /* Base */ = {isa = PBXFileReference; lastKnownFileType = file.storyboard; name = Base; path = Base.lproj/LaunchScreen.storyboard; sourceTree = "<group>"; };
		41F353DD288FCF2D00145F6E /* Info.plist */ = {isa = PBXFileReference; lastKnownFileType = text.plist.xml; path = Info.plist; sourceTree = "<group>"; };
		41F353E2288FCF2D00145F6E /* Scene-UnwindSegueTests.xctest */ = {isa = PBXFileReference; explicitFileType = wrapper.cfbundle; includeInIndex = 0; path = "Scene-UnwindSegueTests.xctest"; sourceTree = BUILT_PRODUCTS_DIR; };
		41F353E6288FCF2D00145F6E /* Scene_UnwindSegueTests.swift */ = {isa = PBXFileReference; lastKnownFileType = sourcecode.swift; path = Scene_UnwindSegueTests.swift; sourceTree = "<group>"; };
		41F353E8288FCF2D00145F6E /* Info.plist */ = {isa = PBXFileReference; lastKnownFileType = text.plist.xml; path = Info.plist; sourceTree = "<group>"; };
		41F353ED288FCF2D00145F6E /* Scene-UnwindSegueUITests.xctest */ = {isa = PBXFileReference; explicitFileType = wrapper.cfbundle; includeInIndex = 0; path = "Scene-UnwindSegueUITests.xctest"; sourceTree = BUILT_PRODUCTS_DIR; };
		41F353F1288FCF2D00145F6E /* Scene_UnwindSegueUITests.swift */ = {isa = PBXFileReference; lastKnownFileType = sourcecode.swift; path = Scene_UnwindSegueUITests.swift; sourceTree = "<group>"; };
		41F353F3288FCF2D00145F6E /* Info.plist */ = {isa = PBXFileReference; lastKnownFileType = text.plist.xml; path = Info.plist; sourceTree = "<group>"; };
/* End PBXFileReference section */

/* Begin PBXFrameworksBuildPhase section */
		41F353C9288FCF2500145F6E /* Frameworks */ = {
			isa = PBXFrameworksBuildPhase;
			buildActionMask = 2147483647;
			files = (
			);
			runOnlyForDeploymentPostprocessing = 0;
		};
		41F353DF288FCF2D00145F6E /* Frameworks */ = {
			isa = PBXFrameworksBuildPhase;
			buildActionMask = 2147483647;
			files = (
			);
			runOnlyForDeploymentPostprocessing = 0;
		};
		41F353EA288FCF2D00145F6E /* Frameworks */ = {
			isa = PBXFrameworksBuildPhase;
			buildActionMask = 2147483647;
			files = (
			);
			runOnlyForDeploymentPostprocessing = 0;
		};
/* End PBXFrameworksBuildPhase section */

/* Begin PBXGroup section */
		41F353C3288FCF2500145F6E = {
			isa = PBXGroup;
			children = (
				41F353CE288FCF2500145F6E /* Scene-UnwindSegue */,
				41F353E5288FCF2D00145F6E /* Scene-UnwindSegueTests */,
				41F353F0288FCF2D00145F6E /* Scene-UnwindSegueUITests */,
				41F353CD288FCF2500145F6E /* Products */,
			);
			sourceTree = "<group>";
		};
		41F353CD288FCF2500145F6E /* Products */ = {
			isa = PBXGroup;
			children = (
				41F353CC288FCF2500145F6E /* Scene-UnwindSegue.app */,
				41F353E2288FCF2D00145F6E /* Scene-UnwindSegueTests.xctest */,
				41F353ED288FCF2D00145F6E /* Scene-UnwindSegueUITests.xctest */,
			);
			name = Products;
			sourceTree = "<group>";
		};
		41F353CE288FCF2500145F6E /* Scene-UnwindSegue */ = {
			isa = PBXGroup;
			children = (
				41F353CF288FCF2500145F6E /* AppDelegate.swift */,
				41F353D1288FCF2500145F6E /* SceneDelegate.swift */,
				41F353D3288FCF2500145F6E /* ViewController.swift */,
				41F353D5288FCF2500145F6E /* Main.storyboard */,
				41F353D8288FCF2D00145F6E /* Assets.xcassets */,
				41F353DA288FCF2D00145F6E /* LaunchScreen.storyboard */,
				41F353DD288FCF2D00145F6E /* Info.plist */,
			);
			path = "Scene-UnwindSegue";
			sourceTree = "<group>";
		};
		41F353E5288FCF2D00145F6E /* Scene-UnwindSegueTests */ = {
			isa = PBXGroup;
			children = (
				41F353E6288FCF2D00145F6E /* Scene_UnwindSegueTests.swift */,
				41F353E8288FCF2D00145F6E /* Info.plist */,
			);
			path = "Scene-UnwindSegueTests";
			sourceTree = "<group>";
		};
		41F353F0288FCF2D00145F6E /* Scene-UnwindSegueUITests */ = {
			isa = PBXGroup;
			children = (
				41F353F1288FCF2D00145F6E /* Scene_UnwindSegueUITests.swift */,
				41F353F3288FCF2D00145F6E /* Info.plist */,
			);
			path = "Scene-UnwindSegueUITests";
			sourceTree = "<group>";
		};
/* End PBXGroup section */

/* Begin PBXNativeTarget section */
		41F353CB288FCF2500145F6E /* Scene-UnwindSegue */ = {
			isa = PBXNativeTarget;
			buildConfigurationList = 41F353F6288FCF2D00145F6E /* Build configuration list for PBXNativeTarget "Scene-UnwindSegue" */;
			buildPhases = (
				41F353C8288FCF2500145F6E /* Sources */,
				41F353C9288FCF2500145F6E /* Frameworks */,
				41F353CA288FCF2500145F6E /* Resources */,
			);
			buildRules = (
			);
			dependencies = (
			);
			name = "Scene-UnwindSegue";
			productName = "Scene-UnwindSegue";
			productReference = 41F353CC288FCF2500145F6E /* Scene-UnwindSegue.app */;
			productType = "com.apple.product-type.application";
		};
		41F353E1288FCF2D00145F6E /* Scene-UnwindSegueTests */ = {
			isa = PBXNativeTarget;
			buildConfigurationList = 41F353F9288FCF2D00145F6E /* Build configuration list for PBXNativeTarget "Scene-UnwindSegueTests" */;
			buildPhases = (
				41F353DE288FCF2D00145F6E /* Sources */,
				41F353DF288FCF2D00145F6E /* Frameworks */,
				41F353E0288FCF2D00145F6E /* Resources */,
			);
			buildRules = (
			);
			dependencies = (
				41F353E4288FCF2D00145F6E /* PBXTargetDependency */,
			);
			name = "Scene-UnwindSegueTests";
			productName = "Scene-UnwindSegueTests";
			productReference = 41F353E2288FCF2D00145F6E /* Scene-UnwindSegueTests.xctest */;
			productType = "com.apple.product-type.bundle.unit-test";
		};
		41F353EC288FCF2D00145F6E /* Scene-UnwindSegueUITests */ = {
			isa = PBXNativeTarget;
			buildConfigurationList = 41F353FC288FCF2D00145F6E /* Build configuration list for PBXNativeTarget "Scene-UnwindSegueUITests" */;
			buildPhases = (
				41F353E9288FCF2D00145F6E /* Sources */,
				41F353EA288FCF2D00145F6E /* Frameworks */,
				41F353EB288FCF2D00145F6E /* Resources */,
			);
			buildRules = (
			);
			dependencies = (
				41F353EF288FCF2D00145F6E /* PBXTargetDependency */,
			);
			name = "Scene-UnwindSegueUITests";
			productName = "Scene-UnwindSegueUITests";
			productReference = 41F353ED288FCF2D00145F6E /* Scene-UnwindSegueUITests.xctest */;
			productType = "com.apple.product-type.bundle.ui-testing";
		};
/* End PBXNativeTarget section */

/* Begin PBXProject section */
		41F353C4288FCF2500145F6E /* Project object */ = {
			isa = PBXProject;
			attributes = {
				LastSwiftUpdateCheck = 1240;
				LastUpgradeCheck = 1240;
				TargetAttributes = {
					41F353CB288FCF2500145F6E = {
						CreatedOnToolsVersion = 12.4;
					};
					41F353E1288FCF2D00145F6E = {
						CreatedOnToolsVersion = 12.4;
						TestTargetID = 41F353CB288FCF2500145F6E;
					};
					41F353EC288FCF2D00145F6E = {
						CreatedOnToolsVersion = 12.4;
						TestTargetID = 41F353CB288FCF2500145F6E;
					};
				};
			};
			buildConfigurationList = 41F353C7288FCF2500145F6E /* Build configuration list for PBXProject "Scene-UnwindSegue" */;
			compatibilityVersion = "Xcode 9.3";
			developmentRegion = en;
			hasScannedForEncodings = 0;
			knownRegions = (
				en,
				Base,
			);
			mainGroup = 41F353C3288FCF2500145F6E;
			productRefGroup = 41F353CD288FCF2500145F6E /* Products */;
			projectDirPath = "";
			projectRoot = "";
			targets = (
				41F353CB288FCF2500145F6E /* Scene-UnwindSegue */,
				41F353E1288FCF2D00145F6E /* Scene-UnwindSegueTests */,
				41F353EC288FCF2D00145F6E /* Scene-UnwindSegueUITests */,
			);
		};
/* End PBXProject section */

/* Begin PBXResourcesBuildPhase section */
		41F353CA288FCF2500145F6E /* Resources */ = {
			isa = PBXResourcesBuildPhase;
			buildActionMask = 2147483647;
			files = (
				41F353DC288FCF2D00145F6E /* LaunchScreen.storyboard in Resources */,
				41F353D9288FCF2D00145F6E /* Assets.xcassets in Resources */,
				41F353D7288FCF2500145F6E /* Main.storyboard in Resources */,
			);
			runOnlyForDeploymentPostprocessing = 0;
		};
		41F353E0288FCF2D00145F6E /* Resources */ = {
			isa = PBXResourcesBuildPhase;
			buildActionMask = 2147483647;
			files = (
			);
			runOnlyForDeploymentPostprocessing = 0;
		};
		41F353EB288FCF2D00145F6E /* Resources */ = {
			isa = PBXResourcesBuildPhase;
			buildActionMask = 2147483647;
			files = (
			);
			runOnlyForDeploymentPostprocessing = 0;
		};
/* End PBXResourcesBuildPhase section */

/* Begin PBXSourcesBuildPhase section */
		41F353C8288FCF2500145F6E /* Sources */ = {
			isa = PBXSourcesBuildPhase;
			buildActionMask = 2147483647;
			files = (
				41F353D4288FCF2500145F6E /* ViewController.swift in Sources */,
				41F353D0288FCF2500145F6E /* AppDelegate.swift in Sources */,
				41F353D2288FCF2500145F6E /* SceneDelegate.swift in Sources */,
			);
			runOnlyForDeploymentPostprocessing = 0;
		};
		41F353DE288FCF2D00145F6E /* Sources */ = {
			isa = PBXSourcesBuildPhase;
			buildActionMask = 2147483647;
			files = (
				41F353E7288FCF2D00145F6E /* Scene_UnwindSegueTests.swift in Sources */,
			);
			runOnlyForDeploymentPostprocessing = 0;
		};
		41F353E9288FCF2D00145F6E /* Sources */ = {
			isa = PBXSourcesBuildPhase;
			buildActionMask = 2147483647;
			files = (
				41F353F2288FCF2D00145F6E /* Scene_UnwindSegueUITests.swift in Sources */,
			);
			runOnlyForDeploymentPostprocessing = 0;
		};
/* End PBXSourcesBuildPhase section */

/* Begin PBXTargetDependency section */
		41F353E4288FCF2D00145F6E /* PBXTargetDependency */ = {
			isa = PBXTargetDependency;
			target = 41F353CB288FCF2500145F6E /* Scene-UnwindSegue */;
			targetProxy = 41F353E3288FCF2D00145F6E /* PBXContainerItemProxy */;
		};
		41F353EF288FCF2D00145F6E /* PBXTargetDependency */ = {
			isa = PBXTargetDependency;
			target = 41F353CB288FCF2500145F6E /* Scene-UnwindSegue */;
			targetProxy = 41F353EE288FCF2D00145F6E /* PBXContainerItemProxy */;
		};
/* End PBXTargetDependency section */

/* Begin PBXVariantGroup section */
		41F353D5288FCF2500145F6E /* Main.storyboard */ = {
			isa = PBXVariantGroup;
			children = (
				41F353D6288FCF2500145F6E /* Base */,
			);
			name = Main.storyboard;
			sourceTree = "<group>";
		};
		41F353DA288FCF2D00145F6E /* LaunchScreen.storyboard */ = {
			isa = PBXVariantGroup;
			children = (
				41F353DB288FCF2D00145F6E /* Base */,
			);
			name = LaunchScreen.storyboard;
			sourceTree = "<group>";
		};
/* End PBXVariantGroup section */

/* Begin XCBuildConfiguration section */
		41F353F4288FCF2D00145F6E /* Debug */ = {
			isa = XCBuildConfiguration;
			buildSettings = {
				ALWAYS_SEARCH_USER_PATHS = NO;
				CLANG_ANALYZER_NONNULL = YES;
				CLANG_ANALYZER_NUMBER_OBJECT_CONVERSION = YES_AGGRESSIVE;
				CLANG_CXX_LANGUAGE_STANDARD = "gnu++14";
				CLANG_CXX_LIBRARY = "libc++";
				CLANG_ENABLE_MODULES = YES;
				CLANG_ENABLE_OBJC_ARC = YES;
				CLANG_ENABLE_OBJC_WEAK = YES;
				CLANG_WARN_BLOCK_CAPTURE_AUTORELEASING = YES;
				CLANG_WARN_BOOL_CONVERSION = YES;
				CLANG_WARN_COMMA = YES;
				CLANG_WARN_CONSTANT_CONVERSION = YES;
				CLANG_WARN_DEPRECATED_OBJC_IMPLEMENTATIONS = YES;
				CLANG_WARN_DIRECT_OBJC_ISA_USAGE = YES_ERROR;
				CLANG_WARN_DOCUMENTATION_COMMENTS = YES;
				CLANG_WARN_EMPTY_BODY = YES;
				CLANG_WARN_ENUM_CONVERSION = YES;
				CLANG_WARN_INFINITE_RECURSION = YES;
				CLANG_WARN_INT_CONVERSION = YES;
				CLANG_WARN_NON_LITERAL_NULL_CONVERSION = YES;
				CLANG_WARN_OBJC_IMPLICIT_RETAIN_SELF = YES;
				CLANG_WARN_OBJC_LITERAL_CONVERSION = YES;
				CLANG_WARN_OBJC_ROOT_CLASS = YES_ERROR;
				CLANG_WARN_QUOTED_INCLUDE_IN_FRAMEWORK_HEADER = YES;
				CLANG_WARN_RANGE_LOOP_ANALYSIS = YES;
				CLANG_WARN_STRICT_PROTOTYPES = YES;
				CLANG_WARN_SUSPICIOUS_MOVE = YES;
				CLANG_WARN_UNGUARDED_AVAILABILITY = YES_AGGRESSIVE;
				CLANG_WARN_UNREACHABLE_CODE = YES;
				CLANG_WARN__DUPLICATE_METHOD_MATCH = YES;
				COPY_PHASE_STRIP = NO;
				DEBUG_INFORMATION_FORMAT = dwarf;
				ENABLE_STRICT_OBJC_MSGSEND = YES;
				ENABLE_TESTABILITY = YES;
				GCC_C_LANGUAGE_STANDARD = gnu11;
				GCC_DYNAMIC_NO_PIC = NO;
				GCC_NO_COMMON_BLOCKS = YES;
				GCC_OPTIMIZATION_LEVEL = 0;
				GCC_PREPROCESSOR_DEFINITIONS = (
					"DEBUG=1",
					"$(inherited)",
				);
				GCC_WARN_64_TO_32_BIT_CONVERSION = YES;
				GCC_WARN_ABOUT_RETURN_TYPE = YES_ERROR;
				GCC_WARN_UNDECLARED_SELECTOR = YES;
				GCC_WARN_UNINITIALIZED_AUTOS = YES_AGGRESSIVE;
				GCC_WARN_UNUSED_FUNCTION = YES;
				GCC_WARN_UNUSED_VARIABLE = YES;
				IPHONEOS_DEPLOYMENT_TARGET = 14.4;
				MTL_ENABLE_DEBUG_INFO = INCLUDE_SOURCE;
				MTL_FAST_MATH = YES;
				ONLY_ACTIVE_ARCH = YES;
				SDKROOT = iphoneos;
				SWIFT_ACTIVE_COMPILATION_CONDITIONS = DEBUG;
				SWIFT_OPTIMIZATION_LEVEL = "-Onone";
			};
			name = Debug;
		};
		41F353F5288FCF2D00145F6E /* Release */ = {
			isa = XCBuildConfiguration;
			buildSettings = {
				ALWAYS_SEARCH_USER_PATHS = NO;
				CLANG_ANALYZER_NONNULL = YES;
				CLANG_ANALYZER_NUMBER_OBJECT_CONVERSION = YES_AGGRESSIVE;
				CLANG_CXX_LANGUAGE_STANDARD = "gnu++14";
				CLANG_CXX_LIBRARY = "libc++";
				CLANG_ENABLE_MODULES = YES;
				CLANG_ENABLE_OBJC_ARC = YES;
				CLANG_ENABLE_OBJC_WEAK = YES;
				CLANG_WARN_BLOCK_CAPTURE_AUTORELEASING = YES;
				CLANG_WARN_BOOL_CONVERSION = YES;
				CLANG_WARN_COMMA = YES;
				CLANG_WARN_CONSTANT_CONVERSION = YES;
				CLANG_WARN_DEPRECATED_OBJC_IMPLEMENTATIONS = YES;
				CLANG_WARN_DIRECT_OBJC_ISA_USAGE = YES_ERROR;
				CLANG_WARN_DOCUMENTATION_COMMENTS = YES;
				CLANG_WARN_EMPTY_BODY = YES;
				CLANG_WARN_ENUM_CONVERSION = YES;
				CLANG_WARN_INFINITE_RECURSION = YES;
				CLANG_WARN_INT_CONVERSION = YES;
				CLANG_WARN_NON_LITERAL_NULL_CONVERSION = YES;
				CLANG_WARN_OBJC_IMPLICIT_RETAIN_SELF = YES;
				CLANG_WARN_OBJC_LITERAL_CONVERSION = YES;
				CLANG_WARN_OBJC_ROOT_CLASS = YES_ERROR;
				CLANG_WARN_QUOTED_INCLUDE_IN_FRAMEWORK_HEADER = YES;
				CLANG_WARN_RANGE_LOOP_ANALYSIS = YES;
				CLANG_WARN_STRICT_PROTOTYPES = YES;
				CLANG_WARN_SUSPICIOUS_MOVE = YES;
				CLANG_WARN_UNGUARDED_AVAILABILITY = YES_AGGRESSIVE;
				CLANG_WARN_UNREACHABLE_CODE = YES;
				CLANG_WARN__DUPLICATE_METHOD_MATCH = YES;
				COPY_PHASE_STRIP = NO;
				DEBUG_INFORMATION_FORMAT = "dwarf-with-dsym";
				ENABLE_NS_ASSERTIONS = NO;
				ENABLE_STRICT_OBJC_MSGSEND = YES;
				GCC_C_LANGUAGE_STANDARD = gnu11;
				GCC_NO_COMMON_BLOCKS = YES;
				GCC_WARN_64_TO_32_BIT_CONVERSION = YES;
				GCC_WARN_ABOUT_RETURN_TYPE = YES_ERROR;
				GCC_WARN_UNDECLARED_SELECTOR = YES;
				GCC_WARN_UNINITIALIZED_AUTOS = YES_AGGRESSIVE;
				GCC_WARN_UNUSED_FUNCTION = YES;
				GCC_WARN_UNUSED_VARIABLE = YES;
				IPHONEOS_DEPLOYMENT_TARGET = 14.4;
				MTL_ENABLE_DEBUG_INFO = NO;
				MTL_FAST_MATH = YES;
				SDKROOT = iphoneos;
				SWIFT_COMPILATION_MODE = wholemodule;
				SWIFT_OPTIMIZATION_LEVEL = "-O";
				VALIDATE_PRODUCT = YES;
			};
			name = Release;
		};
		41F353F7288FCF2D00145F6E /* Debug */ = {
			isa = XCBuildConfiguration;
			buildSettings = {
				ASSETCATALOG_COMPILER_APPICON_NAME = AppIcon;
				ASSETCATALOG_COMPILER_GLOBAL_ACCENT_COLOR_NAME = AccentColor;
				CODE_SIGN_STYLE = Automatic;
				INFOPLIST_FILE = "Scene-UnwindSegue/Info.plist";
				LD_RUNPATH_SEARCH_PATHS = (
					"$(inherited)",
					"@executable_path/Frameworks",
				);
				PRODUCT_BUNDLE_IDENTIFIER = "HSB.Scene-UnwindSegue";
				PRODUCT_NAME = "$(TARGET_NAME)";
				SWIFT_VERSION = 5.0;
				TARGETED_DEVICE_FAMILY = "1,2";
			};
			name = Debug;
		};
		41F353F8288FCF2D00145F6E /* Release */ = {
			isa = XCBuildConfiguration;
			buildSettings = {
				ASSETCATALOG_COMPILER_APPICON_NAME = AppIcon;
				ASSETCATALOG_COMPILER_GLOBAL_ACCENT_COLOR_NAME = AccentColor;
				CODE_SIGN_STYLE = Automatic;
				INFOPLIST_FILE = "Scene-UnwindSegue/Info.plist";
				LD_RUNPATH_SEARCH_PATHS = (
					"$(inherited)",
					"@executable_path/Frameworks",
				);
				PRODUCT_BUNDLE_IDENTIFIER = "HSB.Scene-UnwindSegue";
				PRODUCT_NAME = "$(TARGET_NAME)";
				SWIFT_VERSION = 5.0;
				TARGETED_DEVICE_FAMILY = "1,2";
			};
			name = Release;
		};
		41F353FA288FCF2D00145F6E /* Debug */ = {
			isa = XCBuildConfiguration;
			buildSettings = {
				ALWAYS_EMBED_SWIFT_STANDARD_LIBRARIES = YES;
				BUNDLE_LOADER = "$(TEST_HOST)";
				CODE_SIGN_STYLE = Automatic;
				INFOPLIST_FILE = "Scene-UnwindSegueTests/Info.plist";
				IPHONEOS_DEPLOYMENT_TARGET = 14.4;
				LD_RUNPATH_SEARCH_PATHS = (
					"$(inherited)",
					"@executable_path/Frameworks",
					"@loader_path/Frameworks",
				);
				PRODUCT_BUNDLE_IDENTIFIER = "HSB.Scene-UnwindSegueTests";
				PRODUCT_NAME = "$(TARGET_NAME)";
				SWIFT_VERSION = 5.0;
				TARGETED_DEVICE_FAMILY = "1,2";
				TEST_HOST = "$(BUILT_PRODUCTS_DIR)/Scene-UnwindSegue.app/Scene-UnwindSegue";
			};
			name = Debug;
		};
		41F353FB288FCF2D00145F6E /* Release */ = {
			isa = XCBuildConfiguration;
			buildSettings = {
				ALWAYS_EMBED_SWIFT_STANDARD_LIBRARIES = YES;
				BUNDLE_LOADER = "$(TEST_HOST)";
				CODE_SIGN_STYLE = Automatic;
				INFOPLIST_FILE = "Scene-UnwindSegueTests/Info.plist";
				IPHONEOS_DEPLOYMENT_TARGET = 14.4;
				LD_RUNPATH_SEARCH_PATHS = (
					"$(inherited)",
					"@executable_path/Frameworks",
					"@loader_path/Frameworks",
				);
				PRODUCT_BUNDLE_IDENTIFIER = "HSB.Scene-UnwindSegueTests";
				PRODUCT_NAME = "$(TARGET_NAME)";
				SWIFT_VERSION = 5.0;
				TARGETED_DEVICE_FAMILY = "1,2";
				TEST_HOST = "$(BUILT_PRODUCTS_DIR)/Scene-UnwindSegue.app/Scene-UnwindSegue";
			};
			name = Release;
		};
		41F353FD288FCF2D00145F6E /* Debug */ = {
			isa = XCBuildConfiguration;
			buildSettings = {
				ALWAYS_EMBED_SWIFT_STANDARD_LIBRARIES = YES;
				CODE_SIGN_STYLE = Automatic;
				INFOPLIST_FILE = "Scene-UnwindSegueUITests/Info.plist";
				LD_RUNPATH_SEARCH_PATHS = (
					"$(inherited)",
					"@executable_path/Frameworks",
					"@loader_path/Frameworks",
				);
				PRODUCT_BUNDLE_IDENTIFIER = "HSB.Scene-UnwindSegueUITests";
				PRODUCT_NAME = "$(TARGET_NAME)";
				SWIFT_VERSION = 5.0;
				TARGETED_DEVICE_FAMILY = "1,2";
				TEST_TARGET_NAME = "Scene-UnwindSegue";
			};
			name = Debug;
		};
		41F353FE288FCF2D00145F6E /* Release */ = {
			isa = XCBuildConfiguration;
			buildSettings = {
				ALWAYS_EMBED_SWIFT_STANDARD_LIBRARIES = YES;
				CODE_SIGN_STYLE = Automatic;
				INFOPLIST_FILE = "Scene-UnwindSegueUITests/Info.plist";
				LD_RUNPATH_SEARCH_PATHS = (
					"$(inherited)",
					"@executable_path/Frameworks",
					"@loader_path/Frameworks",
				);
				PRODUCT_BUNDLE_IDENTIFIER = "HSB.Scene-UnwindSegueUITests";
				PRODUCT_NAME = "$(TARGET_NAME)";
				SWIFT_VERSION = 5.0;
				TARGETED_DEVICE_FAMILY = "1,2";
				TEST_TARGET_NAME = "Scene-UnwindSegue";
			};
			name = Release;
		};
/* End XCBuildConfiguration section */

/* Begin XCConfigurationList section */
		41F353C7288FCF2500145F6E /* Build configuration list for PBXProject "Scene-UnwindSegue" */ = {
			isa = XCConfigurationList;
			buildConfigurations = (
				41F353F4288FCF2D00145F6E /* Debug */,
				41F353F5288FCF2D00145F6E /* Release */,
			);
			defaultConfigurationIsVisible = 0;
			defaultConfigurationName = Release;
		};
		41F353F6288FCF2D00145F6E /* Build configuration list for PBXNativeTarget "Scene-UnwindSegue" */ = {
			isa = XCConfigurationList;
			buildConfigurations = (
				41F353F7288FCF2D00145F6E /* Debug */,
				41F353F8288FCF2D00145F6E /* Release */,
			);
			defaultConfigurationIsVisible = 0;
			defaultConfigurationName = Release;
		};
		41F353F9288FCF2D00145F6E /* Build configuration list for PBXNativeTarget "Scene-UnwindSegueTests" */ = {
			isa = XCConfigurationList;
			buildConfigurations = (
				41F353FA288FCF2D00145F6E /* Debug */,
				41F353FB288FCF2D00145F6E /* Release */,
			);
			defaultConfigurationIsVisible = 0;
			defaultConfigurationName = Release;
		};
		41F353FC288FCF2D00145F6E /* Build configuration list for PBXNativeTarget "Scene-UnwindSegueUITests" */ = {
			isa = XCConfigurationList;
			buildConfigurations = (
				41F353FD288FCF2D00145F6E /* Debug */,
				41F353FE288FCF2D00145F6E /* Release */,
			);
			defaultConfigurationIsVisible = 0;
			defaultConfigurationName = Release;
		};
/* End XCConfigurationList section */
	};
	rootObject = 41F353C4288FCF2500145F6E /* Project object */;
}
