// !$*UTF8*$!
{
	archiveVersion = 1;
	classes = {
	};
	objectVersion = 50;
	objects = {

/* Begin PBXBuildFile section */
		416AE4BB28368CDD003B747C /* AppDelegate.swift in Sources */ = {isa = PBXBuildFile; fileRef = 416AE4BA28368CDD003B747C /* AppDelegate.swift */; };
		416AE4BD28368CDD003B747C /* SceneDelegate.swift in Sources */ = {isa = PBXBuildFile; fileRef = 416AE4BC28368CDD003B747C /* SceneDelegate.swift */; };
		416AE4BF28368CDD003B747C /* ViewController.swift in Sources */ = {isa = PBXBuildFile; fileRef = 416AE4BE28368CDD003B747C /* ViewController.swift */; };
		416AE4C228368CDD003B747C /* Main.storyboard in Resources */ = {isa = PBXBuildFile; fileRef = 416AE4C028368CDD003B747C /* Main.storyboard */; };
		416AE4C428368CE4003B747C /* Assets.xcassets in Resources */ = {isa = PBXBuildFile; fileRef = 416AE4C328368CE4003B747C /* Assets.xcassets */; };
		416AE4C728368CE4003B747C /* LaunchScreen.storyboard in Resources */ = {isa = PBXBuildFile; fileRef = 416AE4C528368CE4003B747C /* LaunchScreen.storyboard */; };
		416AE4D228368CE4003B747C /* MusicPlayerTests.swift in Sources */ = {isa = PBXBuildFile; fileRef = 416AE4D128368CE4003B747C /* MusicPlayerTests.swift */; };
		416AE4DD28368CE4003B747C /* MusicPlayerUITests.swift in Sources */ = {isa = PBXBuildFile; fileRef = 416AE4DC28368CE4003B747C /* MusicPlayerUITests.swift */; };
/* End PBXBuildFile section */

/* Begin PBXContainerItemProxy section */
		416AE4CE28368CE4003B747C /* PBXContainerItemProxy */ = {
			isa = PBXContainerItemProxy;
			containerPortal = 416AE4AF28368CDD003B747C /* Project object */;
			proxyType = 1;
			remoteGlobalIDString = 416AE4B628368CDD003B747C;
			remoteInfo = MusicPlayer;
		};
		416AE4D928368CE4003B747C /* PBXContainerItemProxy */ = {
			isa = PBXContainerItemProxy;
			containerPortal = 416AE4AF28368CDD003B747C /* Project object */;
			proxyType = 1;
			remoteGlobalIDString = 416AE4B628368CDD003B747C;
			remoteInfo = MusicPlayer;
		};
/* End PBXContainerItemProxy section */

/* Begin PBXFileReference section */
		416AE4B728368CDD003B747C /* MusicPlayer.app */ = {isa = PBXFileReference; explicitFileType = wrapper.application; includeInIndex = 0; path = MusicPlayer.app; sourceTree = BUILT_PRODUCTS_DIR; };
		416AE4BA28368CDD003B747C /* AppDelegate.swift */ = {isa = PBXFileReference; lastKnownFileType = sourcecode.swift; path = AppDelegate.swift; sourceTree = "<group>"; };
		416AE4BC28368CDD003B747C /* SceneDelegate.swift */ = {isa = PBXFileReference; lastKnownFileType = sourcecode.swift; path = SceneDelegate.swift; sourceTree = "<group>"; };
		416AE4BE28368CDD003B747C /* ViewController.swift */ = {isa = PBXFileReference; lastKnownFileType = sourcecode.swift; path = ViewController.swift; sourceTree = "<group>"; };
		416AE4C128368CDD003B747C /* Base */ = {isa = PBXFileReference; lastKnownFileType = file.storyboard; name = Base; path = Base.lproj/Main.storyboard; sourceTree = "<group>"; };
		416AE4C328368CE4003B747C /* Assets.xcassets */ = {isa = PBXFileReference; lastKnownFileType = folder.assetcatalog; path = Assets.xcassets; sourceTree = "<group>"; };
		416AE4C628368CE4003B747C /* Base */ = {isa = PBXFileReference; lastKnownFileType = file.storyboard; name = Base; path = Base.lproj/LaunchScreen.storyboard; sourceTree = "<group>"; };
		416AE4C828368CE4003B747C /* Info.plist */ = {isa = PBXFileReference; lastKnownFileType = text.plist.xml; path = Info.plist; sourceTree = "<group>"; };
		416AE4CD28368CE4003B747C /* MusicPlayerTests.xctest */ = {isa = PBXFileReference; explicitFileType = wrapper.cfbundle; includeInIndex = 0; path = MusicPlayerTests.xctest; sourceTree = BUILT_PRODUCTS_DIR; };
		416AE4D128368CE4003B747C /* MusicPlayerTests.swift */ = {isa = PBXFileReference; lastKnownFileType = sourcecode.swift; path = MusicPlayerTests.swift; sourceTree = "<group>"; };
		416AE4D328368CE4003B747C /* Info.plist */ = {isa = PBXFileReference; lastKnownFileType = text.plist.xml; path = Info.plist; sourceTree = "<group>"; };
		416AE4D828368CE4003B747C /* MusicPlayerUITests.xctest */ = {isa = PBXFileReference; explicitFileType = wrapper.cfbundle; includeInIndex = 0; path = MusicPlayerUITests.xctest; sourceTree = BUILT_PRODUCTS_DIR; };
		416AE4DC28368CE4003B747C /* MusicPlayerUITests.swift */ = {isa = PBXFileReference; lastKnownFileType = sourcecode.swift; path = MusicPlayerUITests.swift; sourceTree = "<group>"; };
		416AE4DE28368CE4003B747C /* Info.plist */ = {isa = PBXFileReference; lastKnownFileType = text.plist.xml; path = Info.plist; sourceTree = "<group>"; };
/* End PBXFileReference section */

/* Begin PBXFrameworksBuildPhase section */
		416AE4B428368CDD003B747C /* Frameworks */ = {
			isa = PBXFrameworksBuildPhase;
			buildActionMask = 2147483647;
			files = (
			);
			runOnlyForDeploymentPostprocessing = 0;
		};
		416AE4CA28368CE4003B747C /* Frameworks */ = {
			isa = PBXFrameworksBuildPhase;
			buildActionMask = 2147483647;
			files = (
			);
			runOnlyForDeploymentPostprocessing = 0;
		};
		416AE4D528368CE4003B747C /* Frameworks */ = {
			isa = PBXFrameworksBuildPhase;
			buildActionMask = 2147483647;
			files = (
			);
			runOnlyForDeploymentPostprocessing = 0;
		};
/* End PBXFrameworksBuildPhase section */

/* Begin PBXGroup section */
		416AE4AE28368CDD003B747C = {
			isa = PBXGroup;
			children = (
				416AE4B928368CDD003B747C /* MusicPlayer */,
				416AE4D028368CE4003B747C /* MusicPlayerTests */,
				416AE4DB28368CE4003B747C /* MusicPlayerUITests */,
				416AE4B828368CDD003B747C /* Products */,
			);
			sourceTree = "<group>";
		};
		416AE4B828368CDD003B747C /* Products */ = {
			isa = PBXGroup;
			children = (
				416AE4B728368CDD003B747C /* MusicPlayer.app */,
				416AE4CD28368CE4003B747C /* MusicPlayerTests.xctest */,
				416AE4D828368CE4003B747C /* MusicPlayerUITests.xctest */,
			);
			name = Products;
			sourceTree = "<group>";
		};
		416AE4B928368CDD003B747C /* MusicPlayer */ = {
			isa = PBXGroup;
			children = (
				416AE4BA28368CDD003B747C /* AppDelegate.swift */,
				416AE4BC28368CDD003B747C /* SceneDelegate.swift */,
				416AE4BE28368CDD003B747C /* ViewController.swift */,
				416AE4C028368CDD003B747C /* Main.storyboard */,
				416AE4C328368CE4003B747C /* Assets.xcassets */,
				416AE4C528368CE4003B747C /* LaunchScreen.storyboard */,
				416AE4C828368CE4003B747C /* Info.plist */,
			);
			path = MusicPlayer;
			sourceTree = "<group>";
		};
		416AE4D028368CE4003B747C /* MusicPlayerTests */ = {
			isa = PBXGroup;
			children = (
				416AE4D128368CE4003B747C /* MusicPlayerTests.swift */,
				416AE4D328368CE4003B747C /* Info.plist */,
			);
			path = MusicPlayerTests;
			sourceTree = "<group>";
		};
		416AE4DB28368CE4003B747C /* MusicPlayerUITests */ = {
			isa = PBXGroup;
			children = (
				416AE4DC28368CE4003B747C /* MusicPlayerUITests.swift */,
				416AE4DE28368CE4003B747C /* Info.plist */,
			);
			path = MusicPlayerUITests;
			sourceTree = "<group>";
		};
/* End PBXGroup section */

/* Begin PBXNativeTarget section */
		416AE4B628368CDD003B747C /* MusicPlayer */ = {
			isa = PBXNativeTarget;
			buildConfigurationList = 416AE4E128368CE4003B747C /* Build configuration list for PBXNativeTarget "MusicPlayer" */;
			buildPhases = (
				416AE4B328368CDD003B747C /* Sources */,
				416AE4B428368CDD003B747C /* Frameworks */,
				416AE4B528368CDD003B747C /* Resources */,
			);
			buildRules = (
			);
			dependencies = (
			);
			name = MusicPlayer;
			productName = MusicPlayer;
			productReference = 416AE4B728368CDD003B747C /* MusicPlayer.app */;
			productType = "com.apple.product-type.application";
		};
		416AE4CC28368CE4003B747C /* MusicPlayerTests */ = {
			isa = PBXNativeTarget;
			buildConfigurationList = 416AE4E428368CE4003B747C /* Build configuration list for PBXNativeTarget "MusicPlayerTests" */;
			buildPhases = (
				416AE4C928368CE4003B747C /* Sources */,
				416AE4CA28368CE4003B747C /* Frameworks */,
				416AE4CB28368CE4003B747C /* Resources */,
			);
			buildRules = (
			);
			dependencies = (
				416AE4CF28368CE4003B747C /* PBXTargetDependency */,
			);
			name = MusicPlayerTests;
			productName = MusicPlayerTests;
			productReference = 416AE4CD28368CE4003B747C /* MusicPlayerTests.xctest */;
			productType = "com.apple.product-type.bundle.unit-test";
		};
		416AE4D728368CE4003B747C /* MusicPlayerUITests */ = {
			isa = PBXNativeTarget;
			buildConfigurationList = 416AE4E728368CE4003B747C /* Build configuration list for PBXNativeTarget "MusicPlayerUITests" */;
			buildPhases = (
				416AE4D428368CE4003B747C /* Sources */,
				416AE4D528368CE4003B747C /* Frameworks */,
				416AE4D628368CE4003B747C /* Resources */,
			);
			buildRules = (
			);
			dependencies = (
				416AE4DA28368CE4003B747C /* PBXTargetDependency */,
			);
			name = MusicPlayerUITests;
			productName = MusicPlayerUITests;
			productReference = 416AE4D828368CE4003B747C /* MusicPlayerUITests.xctest */;
			productType = "com.apple.product-type.bundle.ui-testing";
		};
/* End PBXNativeTarget section */

/* Begin PBXProject section */
		416AE4AF28368CDD003B747C /* Project object */ = {
			isa = PBXProject;
			attributes = {
				LastSwiftUpdateCheck = 1240;
				LastUpgradeCheck = 1240;
				TargetAttributes = {
					416AE4B628368CDD003B747C = {
						CreatedOnToolsVersion = 12.4;
					};
					416AE4CC28368CE4003B747C = {
						CreatedOnToolsVersion = 12.4;
						TestTargetID = 416AE4B628368CDD003B747C;
					};
					416AE4D728368CE4003B747C = {
						CreatedOnToolsVersion = 12.4;
						TestTargetID = 416AE4B628368CDD003B747C;
					};
				};
			};
			buildConfigurationList = 416AE4B228368CDD003B747C /* Build configuration list for PBXProject "MusicPlayer" */;
			compatibilityVersion = "Xcode 9.3";
			developmentRegion = en;
			hasScannedForEncodings = 0;
			knownRegions = (
				en,
				Base,
			);
			mainGroup = 416AE4AE28368CDD003B747C;
			productRefGroup = 416AE4B828368CDD003B747C /* Products */;
			projectDirPath = "";
			projectRoot = "";
			targets = (
				416AE4B628368CDD003B747C /* MusicPlayer */,
				416AE4CC28368CE4003B747C /* MusicPlayerTests */,
				416AE4D728368CE4003B747C /* MusicPlayerUITests */,
			);
		};
/* End PBXProject section */

/* Begin PBXResourcesBuildPhase section */
		416AE4B528368CDD003B747C /* Resources */ = {
			isa = PBXResourcesBuildPhase;
			buildActionMask = 2147483647;
			files = (
				416AE4C728368CE4003B747C /* LaunchScreen.storyboard in Resources */,
				416AE4C428368CE4003B747C /* Assets.xcassets in Resources */,
				416AE4C228368CDD003B747C /* Main.storyboard in Resources */,
			);
			runOnlyForDeploymentPostprocessing = 0;
		};
		416AE4CB28368CE4003B747C /* Resources */ = {
			isa = PBXResourcesBuildPhase;
			buildActionMask = 2147483647;
			files = (
			);
			runOnlyForDeploymentPostprocessing = 0;
		};
		416AE4D628368CE4003B747C /* Resources */ = {
			isa = PBXResourcesBuildPhase;
			buildActionMask = 2147483647;
			files = (
			);
			runOnlyForDeploymentPostprocessing = 0;
		};
/* End PBXResourcesBuildPhase section */

/* Begin PBXSourcesBuildPhase section */
		416AE4B328368CDD003B747C /* Sources */ = {
			isa = PBXSourcesBuildPhase;
			buildActionMask = 2147483647;
			files = (
				416AE4BF28368CDD003B747C /* ViewController.swift in Sources */,
				416AE4BB28368CDD003B747C /* AppDelegate.swift in Sources */,
				416AE4BD28368CDD003B747C /* SceneDelegate.swift in Sources */,
			);
			runOnlyForDeploymentPostprocessing = 0;
		};
		416AE4C928368CE4003B747C /* Sources */ = {
			isa = PBXSourcesBuildPhase;
			buildActionMask = 2147483647;
			files = (
				416AE4D228368CE4003B747C /* MusicPlayerTests.swift in Sources */,
			);
			runOnlyForDeploymentPostprocessing = 0;
		};
		416AE4D428368CE4003B747C /* Sources */ = {
			isa = PBXSourcesBuildPhase;
			buildActionMask = 2147483647;
			files = (
				416AE4DD28368CE4003B747C /* MusicPlayerUITests.swift in Sources */,
			);
			runOnlyForDeploymentPostprocessing = 0;
		};
/* End PBXSourcesBuildPhase section */

/* Begin PBXTargetDependency section */
		416AE4CF28368CE4003B747C /* PBXTargetDependency */ = {
			isa = PBXTargetDependency;
			target = 416AE4B628368CDD003B747C /* MusicPlayer */;
			targetProxy = 416AE4CE28368CE4003B747C /* PBXContainerItemProxy */;
		};
		416AE4DA28368CE4003B747C /* PBXTargetDependency */ = {
			isa = PBXTargetDependency;
			target = 416AE4B628368CDD003B747C /* MusicPlayer */;
			targetProxy = 416AE4D928368CE4003B747C /* PBXContainerItemProxy */;
		};
/* End PBXTargetDependency section */

/* Begin PBXVariantGroup section */
		416AE4C028368CDD003B747C /* Main.storyboard */ = {
			isa = PBXVariantGroup;
			children = (
				416AE4C128368CDD003B747C /* Base */,
			);
			name = Main.storyboard;
			sourceTree = "<group>";
		};
		416AE4C528368CE4003B747C /* LaunchScreen.storyboard */ = {
			isa = PBXVariantGroup;
			children = (
				416AE4C628368CE4003B747C /* Base */,
			);
			name = LaunchScreen.storyboard;
			sourceTree = "<group>";
		};
/* End PBXVariantGroup section */

/* Begin XCBuildConfiguration section */
		416AE4DF28368CE4003B747C /* Debug */ = {
			isa = XCBuildConfiguration;
			buildSettings = {
				ALWAYS_SEARCH_USER_PATHS = NO;
				CLANG_ANALYZER_NONNULL = YES;
				CLANG_ANALYZER_NUMBER_OBJECT_CONVERSION = YES_AGGRESSIVE;
				CLANG_CXX_LANGUAGE_STANDARD = "gnu++14";
				CLANG_CXX_LIBRARY = "libc++";
				CLANG_ENABLE_MODULES = YES;
				CLANG_ENABLE_OBJC_ARC = YES;
				CLANG_ENABLE_OBJC_WEAK = YES;
				CLANG_WARN_BLOCK_CAPTURE_AUTORELEASING = YES;
				CLANG_WARN_BOOL_CONVERSION = YES;
				CLANG_WARN_COMMA = YES;
				CLANG_WARN_CONSTANT_CONVERSION = YES;
				CLANG_WARN_DEPRECATED_OBJC_IMPLEMENTATIONS = YES;
				CLANG_WARN_DIRECT_OBJC_ISA_USAGE = YES_ERROR;
				CLANG_WARN_DOCUMENTATION_COMMENTS = YES;
				CLANG_WARN_EMPTY_BODY = YES;
				CLANG_WARN_ENUM_CONVERSION = YES;
				CLANG_WARN_INFINITE_RECURSION = YES;
				CLANG_WARN_INT_CONVERSION = YES;
				CLANG_WARN_NON_LITERAL_NULL_CONVERSION = YES;
				CLANG_WARN_OBJC_IMPLICIT_RETAIN_SELF = YES;
				CLANG_WARN_OBJC_LITERAL_CONVERSION = YES;
				CLANG_WARN_OBJC_ROOT_CLASS = YES_ERROR;
				CLANG_WARN_QUOTED_INCLUDE_IN_FRAMEWORK_HEADER = YES;
				CLANG_WARN_RANGE_LOOP_ANALYSIS = YES;
				CLANG_WARN_STRICT_PROTOTYPES = YES;
				CLANG_WARN_SUSPICIOUS_MOVE = YES;
				CLANG_WARN_UNGUARDED_AVAILABILITY = YES_AGGRESSIVE;
				CLANG_WARN_UNREACHABLE_CODE = YES;
				CLANG_WARN__DUPLICATE_METHOD_MATCH = YES;
				COPY_PHASE_STRIP = NO;
				DEBUG_INFORMATION_FORMAT = dwarf;
				ENABLE_STRICT_OBJC_MSGSEND = YES;
				ENABLE_TESTABILITY = YES;
				GCC_C_LANGUAGE_STANDARD = gnu11;
				GCC_DYNAMIC_NO_PIC = NO;
				GCC_NO_COMMON_BLOCKS = YES;
				GCC_OPTIMIZATION_LEVEL = 0;
				GCC_PREPROCESSOR_DEFINITIONS = (
					"DEBUG=1",
					"$(inherited)",
				);
				GCC_WARN_64_TO_32_BIT_CONVERSION = YES;
				GCC_WARN_ABOUT_RETURN_TYPE = YES_ERROR;
				GCC_WARN_UNDECLARED_SELECTOR = YES;
				GCC_WARN_UNINITIALIZED_AUTOS = YES_AGGRESSIVE;
				GCC_WARN_UNUSED_FUNCTION = YES;
				GCC_WARN_UNUSED_VARIABLE = YES;
				IPHONEOS_DEPLOYMENT_TARGET = 14.4;
				MTL_ENABLE_DEBUG_INFO = INCLUDE_SOURCE;
				MTL_FAST_MATH = YES;
				ONLY_ACTIVE_ARCH = YES;
				SDKROOT = iphoneos;
				SWIFT_ACTIVE_COMPILATION_CONDITIONS = DEBUG;
				SWIFT_OPTIMIZATION_LEVEL = "-Onone";
			};
			name = Debug;
		};
		416AE4E028368CE4003B747C /* Release */ = {
			isa = XCBuildConfiguration;
			buildSettings = {
				ALWAYS_SEARCH_USER_PATHS = NO;
				CLANG_ANALYZER_NONNULL = YES;
				CLANG_ANALYZER_NUMBER_OBJECT_CONVERSION = YES_AGGRESSIVE;
				CLANG_CXX_LANGUAGE_STANDARD = "gnu++14";
				CLANG_CXX_LIBRARY = "libc++";
				CLANG_ENABLE_MODULES = YES;
				CLANG_ENABLE_OBJC_ARC = YES;
				CLANG_ENABLE_OBJC_WEAK = YES;
				CLANG_WARN_BLOCK_CAPTURE_AUTORELEASING = YES;
				CLANG_WARN_BOOL_CONVERSION = YES;
				CLANG_WARN_COMMA = YES;
				CLANG_WARN_CONSTANT_CONVERSION = YES;
				CLANG_WARN_DEPRECATED_OBJC_IMPLEMENTATIONS = YES;
				CLANG_WARN_DIRECT_OBJC_ISA_USAGE = YES_ERROR;
				CLANG_WARN_DOCUMENTATION_COMMENTS = YES;
				CLANG_WARN_EMPTY_BODY = YES;
				CLANG_WARN_ENUM_CONVERSION = YES;
				CLANG_WARN_INFINITE_RECURSION = YES;
				CLANG_WARN_INT_CONVERSION = YES;
				CLANG_WARN_NON_LITERAL_NULL_CONVERSION = YES;
				CLANG_WARN_OBJC_IMPLICIT_RETAIN_SELF = YES;
				CLANG_WARN_OBJC_LITERAL_CONVERSION = YES;
				CLANG_WARN_OBJC_ROOT_CLASS = YES_ERROR;
				CLANG_WARN_QUOTED_INCLUDE_IN_FRAMEWORK_HEADER = YES;
				CLANG_WARN_RANGE_LOOP_ANALYSIS = YES;
				CLANG_WARN_STRICT_PROTOTYPES = YES;
				CLANG_WARN_SUSPICIOUS_MOVE = YES;
				CLANG_WARN_UNGUARDED_AVAILABILITY = YES_AGGRESSIVE;
				CLANG_WARN_UNREACHABLE_CODE = YES;
				CLANG_WARN__DUPLICATE_METHOD_MATCH = YES;
				COPY_PHASE_STRIP = NO;
				DEBUG_INFORMATION_FORMAT = "dwarf-with-dsym";
				ENABLE_NS_ASSERTIONS = NO;
				ENABLE_STRICT_OBJC_MSGSEND = YES;
				GCC_C_LANGUAGE_STANDARD = gnu11;
				GCC_NO_COMMON_BLOCKS = YES;
				GCC_WARN_64_TO_32_BIT_CONVERSION = YES;
				GCC_WARN_ABOUT_RETURN_TYPE = YES_ERROR;
				GCC_WARN_UNDECLARED_SELECTOR = YES;
				GCC_WARN_UNINITIALIZED_AUTOS = YES_AGGRESSIVE;
				GCC_WARN_UNUSED_FUNCTION = YES;
				GCC_WARN_UNUSED_VARIABLE = YES;
				IPHONEOS_DEPLOYMENT_TARGET = 14.4;
				MTL_ENABLE_DEBUG_INFO = NO;
				MTL_FAST_MATH = YES;
				SDKROOT = iphoneos;
				SWIFT_COMPILATION_MODE = wholemodule;
				SWIFT_OPTIMIZATION_LEVEL = "-O";
				VALIDATE_PRODUCT = YES;
			};
			name = Release;
		};
		416AE4E228368CE4003B747C /* Debug */ = {
			isa = XCBuildConfiguration;
			buildSettings = {
				ASSETCATALOG_COMPILER_APPICON_NAME = AppIcon;
				ASSETCATALOG_COMPILER_GLOBAL_ACCENT_COLOR_NAME = AccentColor;
				CODE_SIGN_STYLE = Automatic;
				DEVELOPMENT_TEAM = 4YH4UGRTMH;
				INFOPLIST_FILE = MusicPlayer/Info.plist;
				LD_RUNPATH_SEARCH_PATHS = (
					"$(inherited)",
					"@executable_path/Frameworks",
				);
				PRODUCT_BUNDLE_IDENTIFIER = hsb.MusicPlayer;
				PRODUCT_NAME = "$(TARGET_NAME)";
				SWIFT_VERSION = 5.0;
				TARGETED_DEVICE_FAMILY = "1,2";
			};
			name = Debug;
		};
		416AE4E328368CE4003B747C /* Release */ = {
			isa = XCBuildConfiguration;
			buildSettings = {
				ASSETCATALOG_COMPILER_APPICON_NAME = AppIcon;
				ASSETCATALOG_COMPILER_GLOBAL_ACCENT_COLOR_NAME = AccentColor;
				CODE_SIGN_STYLE = Automatic;
				DEVELOPMENT_TEAM = 4YH4UGRTMH;
				INFOPLIST_FILE = MusicPlayer/Info.plist;
				LD_RUNPATH_SEARCH_PATHS = (
					"$(inherited)",
					"@executable_path/Frameworks",
				);
				PRODUCT_BUNDLE_IDENTIFIER = hsb.MusicPlayer;
				PRODUCT_NAME = "$(TARGET_NAME)";
				SWIFT_VERSION = 5.0;
				TARGETED_DEVICE_FAMILY = "1,2";
			};
			name = Release;
		};
		416AE4E528368CE4003B747C /* Debug */ = {
			isa = XCBuildConfiguration;
			buildSettings = {
				ALWAYS_EMBED_SWIFT_STANDARD_LIBRARIES = YES;
				BUNDLE_LOADER = "$(TEST_HOST)";
				CODE_SIGN_STYLE = Automatic;
				DEVELOPMENT_TEAM = 4YH4UGRTMH;
				INFOPLIST_FILE = MusicPlayerTests/Info.plist;
				IPHONEOS_DEPLOYMENT_TARGET = 14.4;
				LD_RUNPATH_SEARCH_PATHS = (
					"$(inherited)",
					"@executable_path/Frameworks",
					"@loader_path/Frameworks",
				);
				PRODUCT_BUNDLE_IDENTIFIER = hsb.MusicPlayerTests;
				PRODUCT_NAME = "$(TARGET_NAME)";
				SWIFT_VERSION = 5.0;
				TARGETED_DEVICE_FAMILY = "1,2";
				TEST_HOST = "$(BUILT_PRODUCTS_DIR)/MusicPlayer.app/MusicPlayer";
			};
			name = Debug;
		};
		416AE4E628368CE4003B747C /* Release */ = {
			isa = XCBuildConfiguration;
			buildSettings = {
				ALWAYS_EMBED_SWIFT_STANDARD_LIBRARIES = YES;
				BUNDLE_LOADER = "$(TEST_HOST)";
				CODE_SIGN_STYLE = Automatic;
				DEVELOPMENT_TEAM = 4YH4UGRTMH;
				INFOPLIST_FILE = MusicPlayerTests/Info.plist;
				IPHONEOS_DEPLOYMENT_TARGET = 14.4;
				LD_RUNPATH_SEARCH_PATHS = (
					"$(inherited)",
					"@executable_path/Frameworks",
					"@loader_path/Frameworks",
				);
				PRODUCT_BUNDLE_IDENTIFIER = hsb.MusicPlayerTests;
				PRODUCT_NAME = "$(TARGET_NAME)";
				SWIFT_VERSION = 5.0;
				TARGETED_DEVICE_FAMILY = "1,2";
				TEST_HOST = "$(BUILT_PRODUCTS_DIR)/MusicPlayer.app/MusicPlayer";
			};
			name = Release;
		};
		416AE4E828368CE4003B747C /* Debug */ = {
			isa = XCBuildConfiguration;
			buildSettings = {
				ALWAYS_EMBED_SWIFT_STANDARD_LIBRARIES = YES;
				CODE_SIGN_STYLE = Automatic;
				DEVELOPMENT_TEAM = 4YH4UGRTMH;
				INFOPLIST_FILE = MusicPlayerUITests/Info.plist;
				LD_RUNPATH_SEARCH_PATHS = (
					"$(inherited)",
					"@executable_path/Frameworks",
					"@loader_path/Frameworks",
				);
				PRODUCT_BUNDLE_IDENTIFIER = hsb.MusicPlayerUITests;
				PRODUCT_NAME = "$(TARGET_NAME)";
				SWIFT_VERSION = 5.0;
				TARGETED_DEVICE_FAMILY = "1,2";
				TEST_TARGET_NAME = MusicPlayer;
			};
			name = Debug;
		};
		416AE4E928368CE4003B747C /* Release */ = {
			isa = XCBuildConfiguration;
			buildSettings = {
				ALWAYS_EMBED_SWIFT_STANDARD_LIBRARIES = YES;
				CODE_SIGN_STYLE = Automatic;
				DEVELOPMENT_TEAM = 4YH4UGRTMH;
				INFOPLIST_FILE = MusicPlayerUITests/Info.plist;
				LD_RUNPATH_SEARCH_PATHS = (
					"$(inherited)",
					"@executable_path/Frameworks",
					"@loader_path/Frameworks",
				);
				PRODUCT_BUNDLE_IDENTIFIER = hsb.MusicPlayerUITests;
				PRODUCT_NAME = "$(TARGET_NAME)";
				SWIFT_VERSION = 5.0;
				TARGETED_DEVICE_FAMILY = "1,2";
				TEST_TARGET_NAME = MusicPlayer;
			};
			name = Release;
		};
/* End XCBuildConfiguration section */

/* Begin XCConfigurationList section */
		416AE4B228368CDD003B747C /* Build configuration list for PBXProject "MusicPlayer" */ = {
			isa = XCConfigurationList;
			buildConfigurations = (
				416AE4DF28368CE4003B747C /* Debug */,
				416AE4E028368CE4003B747C /* Release */,
			);
			defaultConfigurationIsVisible = 0;
			defaultConfigurationName = Release;
		};
		416AE4E128368CE4003B747C /* Build configuration list for PBXNativeTarget "MusicPlayer" */ = {
			isa = XCConfigurationList;
			buildConfigurations = (
				416AE4E228368CE4003B747C /* Debug */,
				416AE4E328368CE4003B747C /* Release */,
			);
			defaultConfigurationIsVisible = 0;
			defaultConfigurationName = Release;
		};
		416AE4E428368CE4003B747C /* Build configuration list for PBXNativeTarget "MusicPlayerTests" */ = {
			isa = XCConfigurationList;
			buildConfigurations = (
				416AE4E528368CE4003B747C /* Debug */,
				416AE4E628368CE4003B747C /* Release */,
			);
			defaultConfigurationIsVisible = 0;
			defaultConfigurationName = Release;
		};
		416AE4E728368CE4003B747C /* Build configuration list for PBXNativeTarget "MusicPlayerUITests" */ = {
			isa = XCConfigurationList;
			buildConfigurations = (
				416AE4E828368CE4003B747C /* Debug */,
				416AE4E928368CE4003B747C /* Release */,
			);
			defaultConfigurationIsVisible = 0;
			defaultConfigurationName = Release;
		};
/* End XCConfigurationList section */
	};
	rootObject = 416AE4AF28368CDD003B747C /* Project object */;
}
