// !$*UTF8*$!
{
	archiveVersion = 1;
	classes = {
	};
	objectVersion = 50;
	objects = {

/* Begin PBXBuildFile section */
		410C4CFF28993EE6008B8313 /* AppDelegate.swift in Sources */ = {isa = PBXBuildFile; fileRef = 410C4CFE28993EE6008B8313 /* AppDelegate.swift */; };
		410C4D0128993EE6008B8313 /* SceneDelegate.swift in Sources */ = {isa = PBXBuildFile; fileRef = 410C4D0028993EE6008B8313 /* SceneDelegate.swift */; };
		410C4D0328993EE6008B8313 /* ViewController.swift in Sources */ = {isa = PBXBuildFile; fileRef = 410C4D0228993EE6008B8313 /* ViewController.swift */; };
		410C4D0628993EE6008B8313 /* Main.storyboard in Resources */ = {isa = PBXBuildFile; fileRef = 410C4D0428993EE6008B8313 /* Main.storyboard */; };
		410C4D0828993EEF008B8313 /* Assets.xcassets in Resources */ = {isa = PBXBuildFile; fileRef = 410C4D0728993EEF008B8313 /* Assets.xcassets */; };
		410C4D0B28993EEF008B8313 /* LaunchScreen.storyboard in Resources */ = {isa = PBXBuildFile; fileRef = 410C4D0928993EEF008B8313 /* LaunchScreen.storyboard */; };
		410C4D1628993EF0008B8313 /* Delegate_ImagePickerTests.swift in Sources */ = {isa = PBXBuildFile; fileRef = 410C4D1528993EF0008B8313 /* Delegate_ImagePickerTests.swift */; };
		410C4D2128993EF0008B8313 /* Delegate_ImagePickerUITests.swift in Sources */ = {isa = PBXBuildFile; fileRef = 410C4D2028993EF0008B8313 /* Delegate_ImagePickerUITests.swift */; };
/* End PBXBuildFile section */

/* Begin PBXContainerItemProxy section */
		410C4D1228993EF0008B8313 /* PBXContainerItemProxy */ = {
			isa = PBXContainerItemProxy;
			containerPortal = 410C4CF328993EE6008B8313 /* Project object */;
			proxyType = 1;
			remoteGlobalIDString = 410C4CFA28993EE6008B8313;
			remoteInfo = "Delegate-ImagePicker";
		};
		410C4D1D28993EF0008B8313 /* PBXContainerItemProxy */ = {
			isa = PBXContainerItemProxy;
			containerPortal = 410C4CF328993EE6008B8313 /* Project object */;
			proxyType = 1;
			remoteGlobalIDString = 410C4CFA28993EE6008B8313;
			remoteInfo = "Delegate-ImagePicker";
		};
/* End PBXContainerItemProxy section */

/* Begin PBXFileReference section */
		410C4CFB28993EE6008B8313 /* Delegate-ImagePicker.app */ = {isa = PBXFileReference; explicitFileType = wrapper.application; includeInIndex = 0; path = "Delegate-ImagePicker.app"; sourceTree = BUILT_PRODUCTS_DIR; };
		410C4CFE28993EE6008B8313 /* AppDelegate.swift */ = {isa = PBXFileReference; lastKnownFileType = sourcecode.swift; path = AppDelegate.swift; sourceTree = "<group>"; };
		410C4D0028993EE6008B8313 /* SceneDelegate.swift */ = {isa = PBXFileReference; lastKnownFileType = sourcecode.swift; path = SceneDelegate.swift; sourceTree = "<group>"; };
		410C4D0228993EE6008B8313 /* ViewController.swift */ = {isa = PBXFileReference; lastKnownFileType = sourcecode.swift; path = ViewController.swift; sourceTree = "<group>"; };
		410C4D0528993EE6008B8313 /* Base */ = {isa = PBXFileReference; lastKnownFileType = file.storyboard; name = Base; path = Base.lproj/Main.storyboard; sourceTree = "<group>"; };
		410C4D0728993EEF008B8313 /* Assets.xcassets */ = {isa = PBXFileReference; lastKnownFileType = folder.assetcatalog; path = Assets.xcassets; sourceTree = "<group>"; };
		410C4D0A28993EEF008B8313 /* Base */ = {isa = PBXFileReference; lastKnownFileType = file.storyboard; name = Base; path = Base.lproj/LaunchScreen.storyboard; sourceTree = "<group>"; };
		410C4D0C28993EEF008B8313 /* Info.plist */ = {isa = PBXFileReference; lastKnownFileType = text.plist.xml; path = Info.plist; sourceTree = "<group>"; };
		410C4D1128993EF0008B8313 /* Delegate-ImagePickerTests.xctest */ = {isa = PBXFileReference; explicitFileType = wrapper.cfbundle; includeInIndex = 0; path = "Delegate-ImagePickerTests.xctest"; sourceTree = BUILT_PRODUCTS_DIR; };
		410C4D1528993EF0008B8313 /* Delegate_ImagePickerTests.swift */ = {isa = PBXFileReference; lastKnownFileType = sourcecode.swift; path = Delegate_ImagePickerTests.swift; sourceTree = "<group>"; };
		410C4D1728993EF0008B8313 /* Info.plist */ = {isa = PBXFileReference; lastKnownFileType = text.plist.xml; path = Info.plist; sourceTree = "<group>"; };
		410C4D1C28993EF0008B8313 /* Delegate-ImagePickerUITests.xctest */ = {isa = PBXFileReference; explicitFileType = wrapper.cfbundle; includeInIndex = 0; path = "Delegate-ImagePickerUITests.xctest"; sourceTree = BUILT_PRODUCTS_DIR; };
		410C4D2028993EF0008B8313 /* Delegate_ImagePickerUITests.swift */ = {isa = PBXFileReference; lastKnownFileType = sourcecode.swift; path = Delegate_ImagePickerUITests.swift; sourceTree = "<group>"; };
		410C4D2228993EF0008B8313 /* Info.plist */ = {isa = PBXFileReference; lastKnownFileType = text.plist.xml; path = Info.plist; sourceTree = "<group>"; };
/* End PBXFileReference section */

/* Begin PBXFrameworksBuildPhase section */
		410C4CF828993EE6008B8313 /* Frameworks */ = {
			isa = PBXFrameworksBuildPhase;
			buildActionMask = 2147483647;
			files = (
			);
			runOnlyForDeploymentPostprocessing = 0;
		};
		410C4D0E28993EF0008B8313 /* Frameworks */ = {
			isa = PBXFrameworksBuildPhase;
			buildActionMask = 2147483647;
			files = (
			);
			runOnlyForDeploymentPostprocessing = 0;
		};
		410C4D1928993EF0008B8313 /* Frameworks */ = {
			isa = PBXFrameworksBuildPhase;
			buildActionMask = 2147483647;
			files = (
			);
			runOnlyForDeploymentPostprocessing = 0;
		};
/* End PBXFrameworksBuildPhase section */

/* Begin PBXGroup section */
		410C4CF228993EE6008B8313 = {
			isa = PBXGroup;
			children = (
				410C4CFD28993EE6008B8313 /* Delegate-ImagePicker */,
				410C4D1428993EF0008B8313 /* Delegate-ImagePickerTests */,
				410C4D1F28993EF0008B8313 /* Delegate-ImagePickerUITests */,
				410C4CFC28993EE6008B8313 /* Products */,
			);
			sourceTree = "<group>";
		};
		410C4CFC28993EE6008B8313 /* Products */ = {
			isa = PBXGroup;
			children = (
				410C4CFB28993EE6008B8313 /* Delegate-ImagePicker.app */,
				410C4D1128993EF0008B8313 /* Delegate-ImagePickerTests.xctest */,
				410C4D1C28993EF0008B8313 /* Delegate-ImagePickerUITests.xctest */,
			);
			name = Products;
			sourceTree = "<group>";
		};
		410C4CFD28993EE6008B8313 /* Delegate-ImagePicker */ = {
			isa = PBXGroup;
			children = (
				410C4CFE28993EE6008B8313 /* AppDelegate.swift */,
				410C4D0028993EE6008B8313 /* SceneDelegate.swift */,
				410C4D0228993EE6008B8313 /* ViewController.swift */,
				410C4D0428993EE6008B8313 /* Main.storyboard */,
				410C4D0728993EEF008B8313 /* Assets.xcassets */,
				410C4D0928993EEF008B8313 /* LaunchScreen.storyboard */,
				410C4D0C28993EEF008B8313 /* Info.plist */,
			);
			path = "Delegate-ImagePicker";
			sourceTree = "<group>";
		};
		410C4D1428993EF0008B8313 /* Delegate-ImagePickerTests */ = {
			isa = PBXGroup;
			children = (
				410C4D1528993EF0008B8313 /* Delegate_ImagePickerTests.swift */,
				410C4D1728993EF0008B8313 /* Info.plist */,
			);
			path = "Delegate-ImagePickerTests";
			sourceTree = "<group>";
		};
		410C4D1F28993EF0008B8313 /* Delegate-ImagePickerUITests */ = {
			isa = PBXGroup;
			children = (
				410C4D2028993EF0008B8313 /* Delegate_ImagePickerUITests.swift */,
				410C4D2228993EF0008B8313 /* Info.plist */,
			);
			path = "Delegate-ImagePickerUITests";
			sourceTree = "<group>";
		};
/* End PBXGroup section */

/* Begin PBXNativeTarget section */
		410C4CFA28993EE6008B8313 /* Delegate-ImagePicker */ = {
			isa = PBXNativeTarget;
			buildConfigurationList = 410C4D2528993EF0008B8313 /* Build configuration list for PBXNativeTarget "Delegate-ImagePicker" */;
			buildPhases = (
				410C4CF728993EE6008B8313 /* Sources */,
				410C4CF828993EE6008B8313 /* Frameworks */,
				410C4CF928993EE6008B8313 /* Resources */,
			);
			buildRules = (
			);
			dependencies = (
			);
			name = "Delegate-ImagePicker";
			productName = "Delegate-ImagePicker";
			productReference = 410C4CFB28993EE6008B8313 /* Delegate-ImagePicker.app */;
			productType = "com.apple.product-type.application";
		};
		410C4D1028993EF0008B8313 /* Delegate-ImagePickerTests */ = {
			isa = PBXNativeTarget;
			buildConfigurationList = 410C4D2828993EF0008B8313 /* Build configuration list for PBXNativeTarget "Delegate-ImagePickerTests" */;
			buildPhases = (
				410C4D0D28993EF0008B8313 /* Sources */,
				410C4D0E28993EF0008B8313 /* Frameworks */,
				410C4D0F28993EF0008B8313 /* Resources */,
			);
			buildRules = (
			);
			dependencies = (
				410C4D1328993EF0008B8313 /* PBXTargetDependency */,
			);
			name = "Delegate-ImagePickerTests";
			productName = "Delegate-ImagePickerTests";
			productReference = 410C4D1128993EF0008B8313 /* Delegate-ImagePickerTests.xctest */;
			productType = "com.apple.product-type.bundle.unit-test";
		};
		410C4D1B28993EF0008B8313 /* Delegate-ImagePickerUITests */ = {
			isa = PBXNativeTarget;
			buildConfigurationList = 410C4D2B28993EF0008B8313 /* Build configuration list for PBXNativeTarget "Delegate-ImagePickerUITests" */;
			buildPhases = (
				410C4D1828993EF0008B8313 /* Sources */,
				410C4D1928993EF0008B8313 /* Frameworks */,
				410C4D1A28993EF0008B8313 /* Resources */,
			);
			buildRules = (
			);
			dependencies = (
				410C4D1E28993EF0008B8313 /* PBXTargetDependency */,
			);
			name = "Delegate-ImagePickerUITests";
			productName = "Delegate-ImagePickerUITests";
			productReference = 410C4D1C28993EF0008B8313 /* Delegate-ImagePickerUITests.xctest */;
			productType = "com.apple.product-type.bundle.ui-testing";
		};
/* End PBXNativeTarget section */

/* Begin PBXProject section */
		410C4CF328993EE6008B8313 /* Project object */ = {
			isa = PBXProject;
			attributes = {
				LastSwiftUpdateCheck = 1240;
				LastUpgradeCheck = 1240;
				TargetAttributes = {
					410C4CFA28993EE6008B8313 = {
						CreatedOnToolsVersion = 12.4;
					};
					410C4D1028993EF0008B8313 = {
						CreatedOnToolsVersion = 12.4;
						TestTargetID = 410C4CFA28993EE6008B8313;
					};
					410C4D1B28993EF0008B8313 = {
						CreatedOnToolsVersion = 12.4;
						TestTargetID = 410C4CFA28993EE6008B8313;
					};
				};
			};
			buildConfigurationList = 410C4CF628993EE6008B8313 /* Build configuration list for PBXProject "Delegate-ImagePicker" */;
			compatibilityVersion = "Xcode 9.3";
			developmentRegion = en;
			hasScannedForEncodings = 0;
			knownRegions = (
				en,
				Base,
			);
			mainGroup = 410C4CF228993EE6008B8313;
			productRefGroup = 410C4CFC28993EE6008B8313 /* Products */;
			projectDirPath = "";
			projectRoot = "";
			targets = (
				410C4CFA28993EE6008B8313 /* Delegate-ImagePicker */,
				410C4D1028993EF0008B8313 /* Delegate-ImagePickerTests */,
				410C4D1B28993EF0008B8313 /* Delegate-ImagePickerUITests */,
			);
		};
/* End PBXProject section */

/* Begin PBXResourcesBuildPhase section */
		410C4CF928993EE6008B8313 /* Resources */ = {
			isa = PBXResourcesBuildPhase;
			buildActionMask = 2147483647;
			files = (
				410C4D0B28993EEF008B8313 /* LaunchScreen.storyboard in Resources */,
				410C4D0828993EEF008B8313 /* Assets.xcassets in Resources */,
				410C4D0628993EE6008B8313 /* Main.storyboard in Resources */,
			);
			runOnlyForDeploymentPostprocessing = 0;
		};
		410C4D0F28993EF0008B8313 /* Resources */ = {
			isa = PBXResourcesBuildPhase;
			buildActionMask = 2147483647;
			files = (
			);
			runOnlyForDeploymentPostprocessing = 0;
		};
		410C4D1A28993EF0008B8313 /* Resources */ = {
			isa = PBXResourcesBuildPhase;
			buildActionMask = 2147483647;
			files = (
			);
			runOnlyForDeploymentPostprocessing = 0;
		};
/* End PBXResourcesBuildPhase section */

/* Begin PBXSourcesBuildPhase section */
		410C4CF728993EE6008B8313 /* Sources */ = {
			isa = PBXSourcesBuildPhase;
			buildActionMask = 2147483647;
			files = (
				410C4D0328993EE6008B8313 /* ViewController.swift in Sources */,
				410C4CFF28993EE6008B8313 /* AppDelegate.swift in Sources */,
				410C4D0128993EE6008B8313 /* SceneDelegate.swift in Sources */,
			);
			runOnlyForDeploymentPostprocessing = 0;
		};
		410C4D0D28993EF0008B8313 /* Sources */ = {
			isa = PBXSourcesBuildPhase;
			buildActionMask = 2147483647;
			files = (
				410C4D1628993EF0008B8313 /* Delegate_ImagePickerTests.swift in Sources */,
			);
			runOnlyForDeploymentPostprocessing = 0;
		};
		410C4D1828993EF0008B8313 /* Sources */ = {
			isa = PBXSourcesBuildPhase;
			buildActionMask = 2147483647;
			files = (
				410C4D2128993EF0008B8313 /* Delegate_ImagePickerUITests.swift in Sources */,
			);
			runOnlyForDeploymentPostprocessing = 0;
		};
/* End PBXSourcesBuildPhase section */

/* Begin PBXTargetDependency section */
		410C4D1328993EF0008B8313 /* PBXTargetDependency */ = {
			isa = PBXTargetDependency;
			target = 410C4CFA28993EE6008B8313 /* Delegate-ImagePicker */;
			targetProxy = 410C4D1228993EF0008B8313 /* PBXContainerItemProxy */;
		};
		410C4D1E28993EF0008B8313 /* PBXTargetDependency */ = {
			isa = PBXTargetDependency;
			target = 410C4CFA28993EE6008B8313 /* Delegate-ImagePicker */;
			targetProxy = 410C4D1D28993EF0008B8313 /* PBXContainerItemProxy */;
		};
/* End PBXTargetDependency section */

/* Begin PBXVariantGroup section */
		410C4D0428993EE6008B8313 /* Main.storyboard */ = {
			isa = PBXVariantGroup;
			children = (
				410C4D0528993EE6008B8313 /* Base */,
			);
			name = Main.storyboard;
			sourceTree = "<group>";
		};
		410C4D0928993EEF008B8313 /* LaunchScreen.storyboard */ = {
			isa = PBXVariantGroup;
			children = (
				410C4D0A28993EEF008B8313 /* Base */,
			);
			name = LaunchScreen.storyboard;
			sourceTree = "<group>";
		};
/* End PBXVariantGroup section */

/* Begin XCBuildConfiguration section */
		410C4D2328993EF0008B8313 /* Debug */ = {
			isa = XCBuildConfiguration;
			buildSettings = {
				ALWAYS_SEARCH_USER_PATHS = NO;
				CLANG_ANALYZER_NONNULL = YES;
				CLANG_ANALYZER_NUMBER_OBJECT_CONVERSION = YES_AGGRESSIVE;
				CLANG_CXX_LANGUAGE_STANDARD = "gnu++14";
				CLANG_CXX_LIBRARY = "libc++";
				CLANG_ENABLE_MODULES = YES;
				CLANG_ENABLE_OBJC_ARC = YES;
				CLANG_ENABLE_OBJC_WEAK = YES;
				CLANG_WARN_BLOCK_CAPTURE_AUTORELEASING = YES;
				CLANG_WARN_BOOL_CONVERSION = YES;
				CLANG_WARN_COMMA = YES;
				CLANG_WARN_CONSTANT_CONVERSION = YES;
				CLANG_WARN_DEPRECATED_OBJC_IMPLEMENTATIONS = YES;
				CLANG_WARN_DIRECT_OBJC_ISA_USAGE = YES_ERROR;
				CLANG_WARN_DOCUMENTATION_COMMENTS = YES;
				CLANG_WARN_EMPTY_BODY = YES;
				CLANG_WARN_ENUM_CONVERSION = YES;
				CLANG_WARN_INFINITE_RECURSION = YES;
				CLANG_WARN_INT_CONVERSION = YES;
				CLANG_WARN_NON_LITERAL_NULL_CONVERSION = YES;
				CLANG_WARN_OBJC_IMPLICIT_RETAIN_SELF = YES;
				CLANG_WARN_OBJC_LITERAL_CONVERSION = YES;
				CLANG_WARN_OBJC_ROOT_CLASS = YES_ERROR;
				CLANG_WARN_QUOTED_INCLUDE_IN_FRAMEWORK_HEADER = YES;
				CLANG_WARN_RANGE_LOOP_ANALYSIS = YES;
				CLANG_WARN_STRICT_PROTOTYPES = YES;
				CLANG_WARN_SUSPICIOUS_MOVE = YES;
				CLANG_WARN_UNGUARDED_AVAILABILITY = YES_AGGRESSIVE;
				CLANG_WARN_UNREACHABLE_CODE = YES;
				CLANG_WARN__DUPLICATE_METHOD_MATCH = YES;
				COPY_PHASE_STRIP = NO;
				DEBUG_INFORMATION_FORMAT = dwarf;
				ENABLE_STRICT_OBJC_MSGSEND = YES;
				ENABLE_TESTABILITY = YES;
				GCC_C_LANGUAGE_STANDARD = gnu11;
				GCC_DYNAMIC_NO_PIC = NO;
				GCC_NO_COMMON_BLOCKS = YES;
				GCC_OPTIMIZATION_LEVEL = 0;
				GCC_PREPROCESSOR_DEFINITIONS = (
					"DEBUG=1",
					"$(inherited)",
				);
				GCC_WARN_64_TO_32_BIT_CONVERSION = YES;
				GCC_WARN_ABOUT_RETURN_TYPE = YES_ERROR;
				GCC_WARN_UNDECLARED_SELECTOR = YES;
				GCC_WARN_UNINITIALIZED_AUTOS = YES_AGGRESSIVE;
				GCC_WARN_UNUSED_FUNCTION = YES;
				GCC_WARN_UNUSED_VARIABLE = YES;
				IPHONEOS_DEPLOYMENT_TARGET = 14.4;
				MTL_ENABLE_DEBUG_INFO = INCLUDE_SOURCE;
				MTL_FAST_MATH = YES;
				ONLY_ACTIVE_ARCH = YES;
				SDKROOT = iphoneos;
				SWIFT_ACTIVE_COMPILATION_CONDITIONS = DEBUG;
				SWIFT_OPTIMIZATION_LEVEL = "-Onone";
			};
			name = Debug;
		};
		410C4D2428993EF0008B8313 /* Release */ = {
			isa = XCBuildConfiguration;
			buildSettings = {
				ALWAYS_SEARCH_USER_PATHS = NO;
				CLANG_ANALYZER_NONNULL = YES;
				CLANG_ANALYZER_NUMBER_OBJECT_CONVERSION = YES_AGGRESSIVE;
				CLANG_CXX_LANGUAGE_STANDARD = "gnu++14";
				CLANG_CXX_LIBRARY = "libc++";
				CLANG_ENABLE_MODULES = YES;
				CLANG_ENABLE_OBJC_ARC = YES;
				CLANG_ENABLE_OBJC_WEAK = YES;
				CLANG_WARN_BLOCK_CAPTURE_AUTORELEASING = YES;
				CLANG_WARN_BOOL_CONVERSION = YES;
				CLANG_WARN_COMMA = YES;
				CLANG_WARN_CONSTANT_CONVERSION = YES;
				CLANG_WARN_DEPRECATED_OBJC_IMPLEMENTATIONS = YES;
				CLANG_WARN_DIRECT_OBJC_ISA_USAGE = YES_ERROR;
				CLANG_WARN_DOCUMENTATION_COMMENTS = YES;
				CLANG_WARN_EMPTY_BODY = YES;
				CLANG_WARN_ENUM_CONVERSION = YES;
				CLANG_WARN_INFINITE_RECURSION = YES;
				CLANG_WARN_INT_CONVERSION = YES;
				CLANG_WARN_NON_LITERAL_NULL_CONVERSION = YES;
				CLANG_WARN_OBJC_IMPLICIT_RETAIN_SELF = YES;
				CLANG_WARN_OBJC_LITERAL_CONVERSION = YES;
				CLANG_WARN_OBJC_ROOT_CLASS = YES_ERROR;
				CLANG_WARN_QUOTED_INCLUDE_IN_FRAMEWORK_HEADER = YES;
				CLANG_WARN_RANGE_LOOP_ANALYSIS = YES;
				CLANG_WARN_STRICT_PROTOTYPES = YES;
				CLANG_WARN_SUSPICIOUS_MOVE = YES;
				CLANG_WARN_UNGUARDED_AVAILABILITY = YES_AGGRESSIVE;
				CLANG_WARN_UNREACHABLE_CODE = YES;
				CLANG_WARN__DUPLICATE_METHOD_MATCH = YES;
				COPY_PHASE_STRIP = NO;
				DEBUG_INFORMATION_FORMAT = "dwarf-with-dsym";
				ENABLE_NS_ASSERTIONS = NO;
				ENABLE_STRICT_OBJC_MSGSEND = YES;
				GCC_C_LANGUAGE_STANDARD = gnu11;
				GCC_NO_COMMON_BLOCKS = YES;
				GCC_WARN_64_TO_32_BIT_CONVERSION = YES;
				GCC_WARN_ABOUT_RETURN_TYPE = YES_ERROR;
				GCC_WARN_UNDECLARED_SELECTOR = YES;
				GCC_WARN_UNINITIALIZED_AUTOS = YES_AGGRESSIVE;
				GCC_WARN_UNUSED_FUNCTION = YES;
				GCC_WARN_UNUSED_VARIABLE = YES;
				IPHONEOS_DEPLOYMENT_TARGET = 14.4;
				MTL_ENABLE_DEBUG_INFO = NO;
				MTL_FAST_MATH = YES;
				SDKROOT = iphoneos;
				SWIFT_COMPILATION_MODE = wholemodule;
				SWIFT_OPTIMIZATION_LEVEL = "-O";
				VALIDATE_PRODUCT = YES;
			};
			name = Release;
		};
		410C4D2628993EF0008B8313 /* Debug */ = {
			isa = XCBuildConfiguration;
			buildSettings = {
				ASSETCATALOG_COMPILER_APPICON_NAME = AppIcon;
				ASSETCATALOG_COMPILER_GLOBAL_ACCENT_COLOR_NAME = AccentColor;
				CODE_SIGN_STYLE = Automatic;
				INFOPLIST_FILE = "Delegate-ImagePicker/Info.plist";
				LD_RUNPATH_SEARCH_PATHS = (
					"$(inherited)",
					"@executable_path/Frameworks",
				);
				PRODUCT_BUNDLE_IDENTIFIER = "HSB.Delegate-ImagePicker";
				PRODUCT_NAME = "$(TARGET_NAME)";
				SWIFT_VERSION = 5.0;
				TARGETED_DEVICE_FAMILY = "1,2";
			};
			name = Debug;
		};
		410C4D2728993EF0008B8313 /* Release */ = {
			isa = XCBuildConfiguration;
			buildSettings = {
				ASSETCATALOG_COMPILER_APPICON_NAME = AppIcon;
				ASSETCATALOG_COMPILER_GLOBAL_ACCENT_COLOR_NAME = AccentColor;
				CODE_SIGN_STYLE = Automatic;
				INFOPLIST_FILE = "Delegate-ImagePicker/Info.plist";
				LD_RUNPATH_SEARCH_PATHS = (
					"$(inherited)",
					"@executable_path/Frameworks",
				);
				PRODUCT_BUNDLE_IDENTIFIER = "HSB.Delegate-ImagePicker";
				PRODUCT_NAME = "$(TARGET_NAME)";
				SWIFT_VERSION = 5.0;
				TARGETED_DEVICE_FAMILY = "1,2";
			};
			name = Release;
		};
		410C4D2928993EF0008B8313 /* Debug */ = {
			isa = XCBuildConfiguration;
			buildSettings = {
				ALWAYS_EMBED_SWIFT_STANDARD_LIBRARIES = YES;
				BUNDLE_LOADER = "$(TEST_HOST)";
				CODE_SIGN_STYLE = Automatic;
				INFOPLIST_FILE = "Delegate-ImagePickerTests/Info.plist";
				IPHONEOS_DEPLOYMENT_TARGET = 14.4;
				LD_RUNPATH_SEARCH_PATHS = (
					"$(inherited)",
					"@executable_path/Frameworks",
					"@loader_path/Frameworks",
				);
				PRODUCT_BUNDLE_IDENTIFIER = "HSB.Delegate-ImagePickerTests";
				PRODUCT_NAME = "$(TARGET_NAME)";
				SWIFT_VERSION = 5.0;
				TARGETED_DEVICE_FAMILY = "1,2";
				TEST_HOST = "$(BUILT_PRODUCTS_DIR)/Delegate-ImagePicker.app/Delegate-ImagePicker";
			};
			name = Debug;
		};
		410C4D2A28993EF0008B8313 /* Release */ = {
			isa = XCBuildConfiguration;
			buildSettings = {
				ALWAYS_EMBED_SWIFT_STANDARD_LIBRARIES = YES;
				BUNDLE_LOADER = "$(TEST_HOST)";
				CODE_SIGN_STYLE = Automatic;
				INFOPLIST_FILE = "Delegate-ImagePickerTests/Info.plist";
				IPHONEOS_DEPLOYMENT_TARGET = 14.4;
				LD_RUNPATH_SEARCH_PATHS = (
					"$(inherited)",
					"@executable_path/Frameworks",
					"@loader_path/Frameworks",
				);
				PRODUCT_BUNDLE_IDENTIFIER = "HSB.Delegate-ImagePickerTests";
				PRODUCT_NAME = "$(TARGET_NAME)";
				SWIFT_VERSION = 5.0;
				TARGETED_DEVICE_FAMILY = "1,2";
				TEST_HOST = "$(BUILT_PRODUCTS_DIR)/Delegate-ImagePicker.app/Delegate-ImagePicker";
			};
			name = Release;
		};
		410C4D2C28993EF0008B8313 /* Debug */ = {
			isa = XCBuildConfiguration;
			buildSettings = {
				ALWAYS_EMBED_SWIFT_STANDARD_LIBRARIES = YES;
				CODE_SIGN_STYLE = Automatic;
				INFOPLIST_FILE = "Delegate-ImagePickerUITests/Info.plist";
				LD_RUNPATH_SEARCH_PATHS = (
					"$(inherited)",
					"@executable_path/Frameworks",
					"@loader_path/Frameworks",
				);
				PRODUCT_BUNDLE_IDENTIFIER = "HSB.Delegate-ImagePickerUITests";
				PRODUCT_NAME = "$(TARGET_NAME)";
				SWIFT_VERSION = 5.0;
				TARGETED_DEVICE_FAMILY = "1,2";
				TEST_TARGET_NAME = "Delegate-ImagePicker";
			};
			name = Debug;
		};
		410C4D2D28993EF0008B8313 /* Release */ = {
			isa = XCBuildConfiguration;
			buildSettings = {
				ALWAYS_EMBED_SWIFT_STANDARD_LIBRARIES = YES;
				CODE_SIGN_STYLE = Automatic;
				INFOPLIST_FILE = "Delegate-ImagePickerUITests/Info.plist";
				LD_RUNPATH_SEARCH_PATHS = (
					"$(inherited)",
					"@executable_path/Frameworks",
					"@loader_path/Frameworks",
				);
				PRODUCT_BUNDLE_IDENTIFIER = "HSB.Delegate-ImagePickerUITests";
				PRODUCT_NAME = "$(TARGET_NAME)";
				SWIFT_VERSION = 5.0;
				TARGETED_DEVICE_FAMILY = "1,2";
				TEST_TARGET_NAME = "Delegate-ImagePicker";
			};
			name = Release;
		};
/* End XCBuildConfiguration section */

/* Begin XCConfigurationList section */
		410C4CF628993EE6008B8313 /* Build configuration list for PBXProject "Delegate-ImagePicker" */ = {
			isa = XCConfigurationList;
			buildConfigurations = (
				410C4D2328993EF0008B8313 /* Debug */,
				410C4D2428993EF0008B8313 /* Release */,
			);
			defaultConfigurationIsVisible = 0;
			defaultConfigurationName = Release;
		};
		410C4D2528993EF0008B8313 /* Build configuration list for PBXNativeTarget "Delegate-ImagePicker" */ = {
			isa = XCConfigurationList;
			buildConfigurations = (
				410C4D2628993EF0008B8313 /* Debug */,
				410C4D2728993EF0008B8313 /* Release */,
			);
			defaultConfigurationIsVisible = 0;
			defaultConfigurationName = Release;
		};
		410C4D2828993EF0008B8313 /* Build configuration list for PBXNativeTarget "Delegate-ImagePickerTests" */ = {
			isa = XCConfigurationList;
			buildConfigurations = (
				410C4D2928993EF0008B8313 /* Debug */,
				410C4D2A28993EF0008B8313 /* Release */,
			);
			defaultConfigurationIsVisible = 0;
			defaultConfigurationName = Release;
		};
		410C4D2B28993EF0008B8313 /* Build configuration list for PBXNativeTarget "Delegate-ImagePickerUITests" */ = {
			isa = XCConfigurationList;
			buildConfigurations = (
				410C4D2C28993EF0008B8313 /* Debug */,
				410C4D2D28993EF0008B8313 /* Release */,
			);
			defaultConfigurationIsVisible = 0;
			defaultConfigurationName = Release;
		};
/* End XCConfigurationList section */
	};
	rootObject = 410C4CF328993EE6008B8313 /* Project object */;
}
