// !$*UTF8*$!
{
	archiveVersion = 1;
	classes = {
	};
	objectVersion = 50;
	objects = {

/* Begin PBXBuildFile section */
		41BCAD6D28BE028A005A92B2 /* AppDelegate.swift in Sources */ = {isa = PBXBuildFile; fileRef = 41BCAD6C28BE028A005A92B2 /* AppDelegate.swift */; };
		41BCAD6F28BE028A005A92B2 /* SceneDelegate.swift in Sources */ = {isa = PBXBuildFile; fileRef = 41BCAD6E28BE028A005A92B2 /* SceneDelegate.swift */; };
		41BCAD7128BE028A005A92B2 /* ViewController.swift in Sources */ = {isa = PBXBuildFile; fileRef = 41BCAD7028BE028A005A92B2 /* ViewController.swift */; };
		41BCAD7428BE028A005A92B2 /* Main.storyboard in Resources */ = {isa = PBXBuildFile; fileRef = 41BCAD7228BE028A005A92B2 /* Main.storyboard */; };
		41BCAD7628BE0292005A92B2 /* Assets.xcassets in Resources */ = {isa = PBXBuildFile; fileRef = 41BCAD7528BE0292005A92B2 /* Assets.xcassets */; };
		41BCAD7928BE0292005A92B2 /* LaunchScreen.storyboard in Resources */ = {isa = PBXBuildFile; fileRef = 41BCAD7728BE0292005A92B2 /* LaunchScreen.storyboard */; };
		41BCAD8428BE0292005A92B2 /* ViewTransitionTests.swift in Sources */ = {isa = PBXBuildFile; fileRef = 41BCAD8328BE0292005A92B2 /* ViewTransitionTests.swift */; };
		41BCAD8F28BE0293005A92B2 /* ViewTransitionUITests.swift in Sources */ = {isa = PBXBuildFile; fileRef = 41BCAD8E28BE0293005A92B2 /* ViewTransitionUITests.swift */; };
		41BCADA028BE05E1005A92B2 /* SecondViewController.swift in Sources */ = {isa = PBXBuildFile; fileRef = 41BCAD9F28BE05E1005A92B2 /* SecondViewController.swift */; };
		41BCADA528BE0A1A005A92B2 /* UserInformation.swift in Sources */ = {isa = PBXBuildFile; fileRef = 41BCADA428BE0A1A005A92B2 /* UserInformation.swift */; };
/* End PBXBuildFile section */

/* Begin PBXContainerItemProxy section */
		41BCAD8028BE0292005A92B2 /* PBXContainerItemProxy */ = {
			isa = PBXContainerItemProxy;
			containerPortal = 41BCAD6128BE028A005A92B2 /* Project object */;
			proxyType = 1;
			remoteGlobalIDString = 41BCAD6828BE028A005A92B2;
			remoteInfo = ViewTransition;
		};
		41BCAD8B28BE0292005A92B2 /* PBXContainerItemProxy */ = {
			isa = PBXContainerItemProxy;
			containerPortal = 41BCAD6128BE028A005A92B2 /* Project object */;
			proxyType = 1;
			remoteGlobalIDString = 41BCAD6828BE028A005A92B2;
			remoteInfo = ViewTransition;
		};
/* End PBXContainerItemProxy section */

/* Begin PBXFileReference section */
		41BCAD6928BE028A005A92B2 /* ViewTransition.app */ = {isa = PBXFileReference; explicitFileType = wrapper.application; includeInIndex = 0; path = ViewTransition.app; sourceTree = BUILT_PRODUCTS_DIR; };
		41BCAD6C28BE028A005A92B2 /* AppDelegate.swift */ = {isa = PBXFileReference; lastKnownFileType = sourcecode.swift; path = AppDelegate.swift; sourceTree = "<group>"; };
		41BCAD6E28BE028A005A92B2 /* SceneDelegate.swift */ = {isa = PBXFileReference; lastKnownFileType = sourcecode.swift; path = SceneDelegate.swift; sourceTree = "<group>"; };
		41BCAD7028BE028A005A92B2 /* ViewController.swift */ = {isa = PBXFileReference; lastKnownFileType = sourcecode.swift; path = ViewController.swift; sourceTree = "<group>"; };
		41BCAD7328BE028A005A92B2 /* Base */ = {isa = PBXFileReference; lastKnownFileType = file.storyboard; name = Base; path = Base.lproj/Main.storyboard; sourceTree = "<group>"; };
		41BCAD7528BE0292005A92B2 /* Assets.xcassets */ = {isa = PBXFileReference; lastKnownFileType = folder.assetcatalog; path = Assets.xcassets; sourceTree = "<group>"; };
		41BCAD7828BE0292005A92B2 /* Base */ = {isa = PBXFileReference; lastKnownFileType = file.storyboard; name = Base; path = Base.lproj/LaunchScreen.storyboard; sourceTree = "<group>"; };
		41BCAD7A28BE0292005A92B2 /* Info.plist */ = {isa = PBXFileReference; lastKnownFileType = text.plist.xml; path = Info.plist; sourceTree = "<group>"; };
		41BCAD7F28BE0292005A92B2 /* ViewTransitionTests.xctest */ = {isa = PBXFileReference; explicitFileType = wrapper.cfbundle; includeInIndex = 0; path = ViewTransitionTests.xctest; sourceTree = BUILT_PRODUCTS_DIR; };
		41BCAD8328BE0292005A92B2 /* ViewTransitionTests.swift */ = {isa = PBXFileReference; lastKnownFileType = sourcecode.swift; path = ViewTransitionTests.swift; sourceTree = "<group>"; };
		41BCAD8528BE0292005A92B2 /* Info.plist */ = {isa = PBXFileReference; lastKnownFileType = text.plist.xml; path = Info.plist; sourceTree = "<group>"; };
		41BCAD8A28BE0292005A92B2 /* ViewTransitionUITests.xctest */ = {isa = PBXFileReference; explicitFileType = wrapper.cfbundle; includeInIndex = 0; path = ViewTransitionUITests.xctest; sourceTree = BUILT_PRODUCTS_DIR; };
		41BCAD8E28BE0293005A92B2 /* ViewTransitionUITests.swift */ = {isa = PBXFileReference; lastKnownFileType = sourcecode.swift; path = ViewTransitionUITests.swift; sourceTree = "<group>"; };
		41BCAD9028BE0293005A92B2 /* Info.plist */ = {isa = PBXFileReference; lastKnownFileType = text.plist.xml; path = Info.plist; sourceTree = "<group>"; };
		41BCAD9F28BE05E1005A92B2 /* SecondViewController.swift */ = {isa = PBXFileReference; lastKnownFileType = sourcecode.swift; path = SecondViewController.swift; sourceTree = "<group>"; };
		41BCADA428BE0A1A005A92B2 /* UserInformation.swift */ = {isa = PBXFileReference; lastKnownFileType = sourcecode.swift; path = UserInformation.swift; sourceTree = "<group>"; };
/* End PBXFileReference section */

/* Begin PBXFrameworksBuildPhase section */
		41BCAD6628BE028A005A92B2 /* Frameworks */ = {
			isa = PBXFrameworksBuildPhase;
			buildActionMask = 2147483647;
			files = (
			);
			runOnlyForDeploymentPostprocessing = 0;
		};
		41BCAD7C28BE0292005A92B2 /* Frameworks */ = {
			isa = PBXFrameworksBuildPhase;
			buildActionMask = 2147483647;
			files = (
			);
			runOnlyForDeploymentPostprocessing = 0;
		};
		41BCAD8728BE0292005A92B2 /* Frameworks */ = {
			isa = PBXFrameworksBuildPhase;
			buildActionMask = 2147483647;
			files = (
			);
			runOnlyForDeploymentPostprocessing = 0;
		};
/* End PBXFrameworksBuildPhase section */

/* Begin PBXGroup section */
		41BCAD6028BE028A005A92B2 = {
			isa = PBXGroup;
			children = (
				41BCADA428BE0A1A005A92B2 /* UserInformation.swift */,
				41BCAD6B28BE028A005A92B2 /* ViewTransition */,
				41BCAD8228BE0292005A92B2 /* ViewTransitionTests */,
				41BCAD8D28BE0293005A92B2 /* ViewTransitionUITests */,
				41BCAD6A28BE028A005A92B2 /* Products */,
			);
			sourceTree = "<group>";
		};
		41BCAD6A28BE028A005A92B2 /* Products */ = {
			isa = PBXGroup;
			children = (
				41BCAD6928BE028A005A92B2 /* ViewTransition.app */,
				41BCAD7F28BE0292005A92B2 /* ViewTransitionTests.xctest */,
				41BCAD8A28BE0292005A92B2 /* ViewTransitionUITests.xctest */,
			);
			name = Products;
			sourceTree = "<group>";
		};
		41BCAD6B28BE028A005A92B2 /* ViewTransition */ = {
			isa = PBXGroup;
			children = (
				41BCAD6C28BE028A005A92B2 /* AppDelegate.swift */,
				41BCAD6E28BE028A005A92B2 /* SceneDelegate.swift */,
				41BCAD7028BE028A005A92B2 /* ViewController.swift */,
				41BCAD7228BE028A005A92B2 /* Main.storyboard */,
				41BCAD9F28BE05E1005A92B2 /* SecondViewController.swift */,
				41BCAD7528BE0292005A92B2 /* Assets.xcassets */,
				41BCAD7728BE0292005A92B2 /* LaunchScreen.storyboard */,
				41BCAD7A28BE0292005A92B2 /* Info.plist */,
			);
			path = ViewTransition;
			sourceTree = "<group>";
		};
		41BCAD8228BE0292005A92B2 /* ViewTransitionTests */ = {
			isa = PBXGroup;
			children = (
				41BCAD8328BE0292005A92B2 /* ViewTransitionTests.swift */,
				41BCAD8528BE0292005A92B2 /* Info.plist */,
			);
			path = ViewTransitionTests;
			sourceTree = "<group>";
		};
		41BCAD8D28BE0293005A92B2 /* ViewTransitionUITests */ = {
			isa = PBXGroup;
			children = (
				41BCAD8E28BE0293005A92B2 /* ViewTransitionUITests.swift */,
				41BCAD9028BE0293005A92B2 /* Info.plist */,
			);
			path = ViewTransitionUITests;
			sourceTree = "<group>";
		};
/* End PBXGroup section */

/* Begin PBXNativeTarget section */
		41BCAD6828BE028A005A92B2 /* ViewTransition */ = {
			isa = PBXNativeTarget;
			buildConfigurationList = 41BCAD9328BE0293005A92B2 /* Build configuration list for PBXNativeTarget "ViewTransition" */;
			buildPhases = (
				41BCAD6528BE028A005A92B2 /* Sources */,
				41BCAD6628BE028A005A92B2 /* Frameworks */,
				41BCAD6728BE028A005A92B2 /* Resources */,
			);
			buildRules = (
			);
			dependencies = (
			);
			name = ViewTransition;
			productName = ViewTransition;
			productReference = 41BCAD6928BE028A005A92B2 /* ViewTransition.app */;
			productType = "com.apple.product-type.application";
		};
		41BCAD7E28BE0292005A92B2 /* ViewTransitionTests */ = {
			isa = PBXNativeTarget;
			buildConfigurationList = 41BCAD9628BE0293005A92B2 /* Build configuration list for PBXNativeTarget "ViewTransitionTests" */;
			buildPhases = (
				41BCAD7B28BE0292005A92B2 /* Sources */,
				41BCAD7C28BE0292005A92B2 /* Frameworks */,
				41BCAD7D28BE0292005A92B2 /* Resources */,
			);
			buildRules = (
			);
			dependencies = (
				41BCAD8128BE0292005A92B2 /* PBXTargetDependency */,
			);
			name = ViewTransitionTests;
			productName = ViewTransitionTests;
			productReference = 41BCAD7F28BE0292005A92B2 /* ViewTransitionTests.xctest */;
			productType = "com.apple.product-type.bundle.unit-test";
		};
		41BCAD8928BE0292005A92B2 /* ViewTransitionUITests */ = {
			isa = PBXNativeTarget;
			buildConfigurationList = 41BCAD9928BE0293005A92B2 /* Build configuration list for PBXNativeTarget "ViewTransitionUITests" */;
			buildPhases = (
				41BCAD8628BE0292005A92B2 /* Sources */,
				41BCAD8728BE0292005A92B2 /* Frameworks */,
				41BCAD8828BE0292005A92B2 /* Resources */,
			);
			buildRules = (
			);
			dependencies = (
				41BCAD8C28BE0292005A92B2 /* PBXTargetDependency */,
			);
			name = ViewTransitionUITests;
			productName = ViewTransitionUITests;
			productReference = 41BCAD8A28BE0292005A92B2 /* ViewTransitionUITests.xctest */;
			productType = "com.apple.product-type.bundle.ui-testing";
		};
/* End PBXNativeTarget section */

/* Begin PBXProject section */
		41BCAD6128BE028A005A92B2 /* Project object */ = {
			isa = PBXProject;
			attributes = {
				LastSwiftUpdateCheck = 1240;
				LastUpgradeCheck = 1240;
				TargetAttributes = {
					41BCAD6828BE028A005A92B2 = {
						CreatedOnToolsVersion = 12.4;
					};
					41BCAD7E28BE0292005A92B2 = {
						CreatedOnToolsVersion = 12.4;
						TestTargetID = 41BCAD6828BE028A005A92B2;
					};
					41BCAD8928BE0292005A92B2 = {
						CreatedOnToolsVersion = 12.4;
						TestTargetID = 41BCAD6828BE028A005A92B2;
					};
				};
			};
			buildConfigurationList = 41BCAD6428BE028A005A92B2 /* Build configuration list for PBXProject "ViewTransition" */;
			compatibilityVersion = "Xcode 9.3";
			developmentRegion = en;
			hasScannedForEncodings = 0;
			knownRegions = (
				en,
				Base,
			);
			mainGroup = 41BCAD6028BE028A005A92B2;
			productRefGroup = 41BCAD6A28BE028A005A92B2 /* Products */;
			projectDirPath = "";
			projectRoot = "";
			targets = (
				41BCAD6828BE028A005A92B2 /* ViewTransition */,
				41BCAD7E28BE0292005A92B2 /* ViewTransitionTests */,
				41BCAD8928BE0292005A92B2 /* ViewTransitionUITests */,
			);
		};
/* End PBXProject section */

/* Begin PBXResourcesBuildPhase section */
		41BCAD6728BE028A005A92B2 /* Resources */ = {
			isa = PBXResourcesBuildPhase;
			buildActionMask = 2147483647;
			files = (
				41BCAD7928BE0292005A92B2 /* LaunchScreen.storyboard in Resources */,
				41BCAD7628BE0292005A92B2 /* Assets.xcassets in Resources */,
				41BCAD7428BE028A005A92B2 /* Main.storyboard in Resources */,
			);
			runOnlyForDeploymentPostprocessing = 0;
		};
		41BCAD7D28BE0292005A92B2 /* Resources */ = {
			isa = PBXResourcesBuildPhase;
			buildActionMask = 2147483647;
			files = (
			);
			runOnlyForDeploymentPostprocessing = 0;
		};
		41BCAD8828BE0292005A92B2 /* Resources */ = {
			isa = PBXResourcesBuildPhase;
			buildActionMask = 2147483647;
			files = (
			);
			runOnlyForDeploymentPostprocessing = 0;
		};
/* End PBXResourcesBuildPhase section */

/* Begin PBXSourcesBuildPhase section */
		41BCAD6528BE028A005A92B2 /* Sources */ = {
			isa = PBXSourcesBuildPhase;
			buildActionMask = 2147483647;
			files = (
				41BCADA528BE0A1A005A92B2 /* UserInformation.swift in Sources */,
				41BCADA028BE05E1005A92B2 /* SecondViewController.swift in Sources */,
				41BCAD7128BE028A005A92B2 /* ViewController.swift in Sources */,
				41BCAD6D28BE028A005A92B2 /* AppDelegate.swift in Sources */,
				41BCAD6F28BE028A005A92B2 /* SceneDelegate.swift in Sources */,
			);
			runOnlyForDeploymentPostprocessing = 0;
		};
		41BCAD7B28BE0292005A92B2 /* Sources */ = {
			isa = PBXSourcesBuildPhase;
			buildActionMask = 2147483647;
			files = (
				41BCAD8428BE0292005A92B2 /* ViewTransitionTests.swift in Sources */,
			);
			runOnlyForDeploymentPostprocessing = 0;
		};
		41BCAD8628BE0292005A92B2 /* Sources */ = {
			isa = PBXSourcesBuildPhase;
			buildActionMask = 2147483647;
			files = (
				41BCAD8F28BE0293005A92B2 /* ViewTransitionUITests.swift in Sources */,
			);
			runOnlyForDeploymentPostprocessing = 0;
		};
/* End PBXSourcesBuildPhase section */

/* Begin PBXTargetDependency section */
		41BCAD8128BE0292005A92B2 /* PBXTargetDependency */ = {
			isa = PBXTargetDependency;
			target = 41BCAD6828BE028A005A92B2 /* ViewTransition */;
			targetProxy = 41BCAD8028BE0292005A92B2 /* PBXContainerItemProxy */;
		};
		41BCAD8C28BE0292005A92B2 /* PBXTargetDependency */ = {
			isa = PBXTargetDependency;
			target = 41BCAD6828BE028A005A92B2 /* ViewTransition */;
			targetProxy = 41BCAD8B28BE0292005A92B2 /* PBXContainerItemProxy */;
		};
/* End PBXTargetDependency section */

/* Begin PBXVariantGroup section */
		41BCAD7228BE028A005A92B2 /* Main.storyboard */ = {
			isa = PBXVariantGroup;
			children = (
				41BCAD7328BE028A005A92B2 /* Base */,
			);
			name = Main.storyboard;
			sourceTree = "<group>";
		};
		41BCAD7728BE0292005A92B2 /* LaunchScreen.storyboard */ = {
			isa = PBXVariantGroup;
			children = (
				41BCAD7828BE0292005A92B2 /* Base */,
			);
			name = LaunchScreen.storyboard;
			sourceTree = "<group>";
		};
/* End PBXVariantGroup section */

/* Begin XCBuildConfiguration section */
		41BCAD9128BE0293005A92B2 /* Debug */ = {
			isa = XCBuildConfiguration;
			buildSettings = {
				ALWAYS_SEARCH_USER_PATHS = NO;
				CLANG_ANALYZER_NONNULL = YES;
				CLANG_ANALYZER_NUMBER_OBJECT_CONVERSION = YES_AGGRESSIVE;
				CLANG_CXX_LANGUAGE_STANDARD = "gnu++14";
				CLANG_CXX_LIBRARY = "libc++";
				CLANG_ENABLE_MODULES = YES;
				CLANG_ENABLE_OBJC_ARC = YES;
				CLANG_ENABLE_OBJC_WEAK = YES;
				CLANG_WARN_BLOCK_CAPTURE_AUTORELEASING = YES;
				CLANG_WARN_BOOL_CONVERSION = YES;
				CLANG_WARN_COMMA = YES;
				CLANG_WARN_CONSTANT_CONVERSION = YES;
				CLANG_WARN_DEPRECATED_OBJC_IMPLEMENTATIONS = YES;
				CLANG_WARN_DIRECT_OBJC_ISA_USAGE = YES_ERROR;
				CLANG_WARN_DOCUMENTATION_COMMENTS = YES;
				CLANG_WARN_EMPTY_BODY = YES;
				CLANG_WARN_ENUM_CONVERSION = YES;
				CLANG_WARN_INFINITE_RECURSION = YES;
				CLANG_WARN_INT_CONVERSION = YES;
				CLANG_WARN_NON_LITERAL_NULL_CONVERSION = YES;
				CLANG_WARN_OBJC_IMPLICIT_RETAIN_SELF = YES;
				CLANG_WARN_OBJC_LITERAL_CONVERSION = YES;
				CLANG_WARN_OBJC_ROOT_CLASS = YES_ERROR;
				CLANG_WARN_QUOTED_INCLUDE_IN_FRAMEWORK_HEADER = YES;
				CLANG_WARN_RANGE_LOOP_ANALYSIS = YES;
				CLANG_WARN_STRICT_PROTOTYPES = YES;
				CLANG_WARN_SUSPICIOUS_MOVE = YES;
				CLANG_WARN_UNGUARDED_AVAILABILITY = YES_AGGRESSIVE;
				CLANG_WARN_UNREACHABLE_CODE = YES;
				CLANG_WARN__DUPLICATE_METHOD_MATCH = YES;
				COPY_PHASE_STRIP = NO;
				DEBUG_INFORMATION_FORMAT = dwarf;
				ENABLE_STRICT_OBJC_MSGSEND = YES;
				ENABLE_TESTABILITY = YES;
				GCC_C_LANGUAGE_STANDARD = gnu11;
				GCC_DYNAMIC_NO_PIC = NO;
				GCC_NO_COMMON_BLOCKS = YES;
				GCC_OPTIMIZATION_LEVEL = 0;
				GCC_PREPROCESSOR_DEFINITIONS = (
					"DEBUG=1",
					"$(inherited)",
				);
				GCC_WARN_64_TO_32_BIT_CONVERSION = YES;
				GCC_WARN_ABOUT_RETURN_TYPE = YES_ERROR;
				GCC_WARN_UNDECLARED_SELECTOR = YES;
				GCC_WARN_UNINITIALIZED_AUTOS = YES_AGGRESSIVE;
				GCC_WARN_UNUSED_FUNCTION = YES;
				GCC_WARN_UNUSED_VARIABLE = YES;
				IPHONEOS_DEPLOYMENT_TARGET = 14.4;
				MTL_ENABLE_DEBUG_INFO = INCLUDE_SOURCE;
				MTL_FAST_MATH = YES;
				ONLY_ACTIVE_ARCH = YES;
				SDKROOT = iphoneos;
				SWIFT_ACTIVE_COMPILATION_CONDITIONS = DEBUG;
				SWIFT_OPTIMIZATION_LEVEL = "-Onone";
			};
			name = Debug;
		};
		41BCAD9228BE0293005A92B2 /* Release */ = {
			isa = XCBuildConfiguration;
			buildSettings = {
				ALWAYS_SEARCH_USER_PATHS = NO;
				CLANG_ANALYZER_NONNULL = YES;
				CLANG_ANALYZER_NUMBER_OBJECT_CONVERSION = YES_AGGRESSIVE;
				CLANG_CXX_LANGUAGE_STANDARD = "gnu++14";
				CLANG_CXX_LIBRARY = "libc++";
				CLANG_ENABLE_MODULES = YES;
				CLANG_ENABLE_OBJC_ARC = YES;
				CLANG_ENABLE_OBJC_WEAK = YES;
				CLANG_WARN_BLOCK_CAPTURE_AUTORELEASING = YES;
				CLANG_WARN_BOOL_CONVERSION = YES;
				CLANG_WARN_COMMA = YES;
				CLANG_WARN_CONSTANT_CONVERSION = YES;
				CLANG_WARN_DEPRECATED_OBJC_IMPLEMENTATIONS = YES;
				CLANG_WARN_DIRECT_OBJC_ISA_USAGE = YES_ERROR;
				CLANG_WARN_DOCUMENTATION_COMMENTS = YES;
				CLANG_WARN_EMPTY_BODY = YES;
				CLANG_WARN_ENUM_CONVERSION = YES;
				CLANG_WARN_INFINITE_RECURSION = YES;
				CLANG_WARN_INT_CONVERSION = YES;
				CLANG_WARN_NON_LITERAL_NULL_CONVERSION = YES;
				CLANG_WARN_OBJC_IMPLICIT_RETAIN_SELF = YES;
				CLANG_WARN_OBJC_LITERAL_CONVERSION = YES;
				CLANG_WARN_OBJC_ROOT_CLASS = YES_ERROR;
				CLANG_WARN_QUOTED_INCLUDE_IN_FRAMEWORK_HEADER = YES;
				CLANG_WARN_RANGE_LOOP_ANALYSIS = YES;
				CLANG_WARN_STRICT_PROTOTYPES = YES;
				CLANG_WARN_SUSPICIOUS_MOVE = YES;
				CLANG_WARN_UNGUARDED_AVAILABILITY = YES_AGGRESSIVE;
				CLANG_WARN_UNREACHABLE_CODE = YES;
				CLANG_WARN__DUPLICATE_METHOD_MATCH = YES;
				COPY_PHASE_STRIP = NO;
				DEBUG_INFORMATION_FORMAT = "dwarf-with-dsym";
				ENABLE_NS_ASSERTIONS = NO;
				ENABLE_STRICT_OBJC_MSGSEND = YES;
				GCC_C_LANGUAGE_STANDARD = gnu11;
				GCC_NO_COMMON_BLOCKS = YES;
				GCC_WARN_64_TO_32_BIT_CONVERSION = YES;
				GCC_WARN_ABOUT_RETURN_TYPE = YES_ERROR;
				GCC_WARN_UNDECLARED_SELECTOR = YES;
				GCC_WARN_UNINITIALIZED_AUTOS = YES_AGGRESSIVE;
				GCC_WARN_UNUSED_FUNCTION = YES;
				GCC_WARN_UNUSED_VARIABLE = YES;
				IPHONEOS_DEPLOYMENT_TARGET = 14.4;
				MTL_ENABLE_DEBUG_INFO = NO;
				MTL_FAST_MATH = YES;
				SDKROOT = iphoneos;
				SWIFT_COMPILATION_MODE = wholemodule;
				SWIFT_OPTIMIZATION_LEVEL = "-O";
				VALIDATE_PRODUCT = YES;
			};
			name = Release;
		};
		41BCAD9428BE0293005A92B2 /* Debug */ = {
			isa = XCBuildConfiguration;
			buildSettings = {
				ASSETCATALOG_COMPILER_APPICON_NAME = AppIcon;
				ASSETCATALOG_COMPILER_GLOBAL_ACCENT_COLOR_NAME = AccentColor;
				CODE_SIGN_STYLE = Automatic;
				INFOPLIST_FILE = ViewTransition/Info.plist;
				LD_RUNPATH_SEARCH_PATHS = (
					"$(inherited)",
					"@executable_path/Frameworks",
				);
				PRODUCT_BUNDLE_IDENTIFIER = HSB.ViewTransition;
				PRODUCT_NAME = "$(TARGET_NAME)";
				SWIFT_VERSION = 5.0;
				TARGETED_DEVICE_FAMILY = "1,2";
			};
			name = Debug;
		};
		41BCAD9528BE0293005A92B2 /* Release */ = {
			isa = XCBuildConfiguration;
			buildSettings = {
				ASSETCATALOG_COMPILER_APPICON_NAME = AppIcon;
				ASSETCATALOG_COMPILER_GLOBAL_ACCENT_COLOR_NAME = AccentColor;
				CODE_SIGN_STYLE = Automatic;
				INFOPLIST_FILE = ViewTransition/Info.plist;
				LD_RUNPATH_SEARCH_PATHS = (
					"$(inherited)",
					"@executable_path/Frameworks",
				);
				PRODUCT_BUNDLE_IDENTIFIER = HSB.ViewTransition;
				PRODUCT_NAME = "$(TARGET_NAME)";
				SWIFT_VERSION = 5.0;
				TARGETED_DEVICE_FAMILY = "1,2";
			};
			name = Release;
		};
		41BCAD9728BE0293005A92B2 /* Debug */ = {
			isa = XCBuildConfiguration;
			buildSettings = {
				ALWAYS_EMBED_SWIFT_STANDARD_LIBRARIES = YES;
				BUNDLE_LOADER = "$(TEST_HOST)";
				CODE_SIGN_STYLE = Automatic;
				INFOPLIST_FILE = ViewTransitionTests/Info.plist;
				IPHONEOS_DEPLOYMENT_TARGET = 14.4;
				LD_RUNPATH_SEARCH_PATHS = (
					"$(inherited)",
					"@executable_path/Frameworks",
					"@loader_path/Frameworks",
				);
				PRODUCT_BUNDLE_IDENTIFIER = HSB.ViewTransitionTests;
				PRODUCT_NAME = "$(TARGET_NAME)";
				SWIFT_VERSION = 5.0;
				TARGETED_DEVICE_FAMILY = "1,2";
				TEST_HOST = "$(BUILT_PRODUCTS_DIR)/ViewTransition.app/ViewTransition";
			};
			name = Debug;
		};
		41BCAD9828BE0293005A92B2 /* Release */ = {
			isa = XCBuildConfiguration;
			buildSettings = {
				ALWAYS_EMBED_SWIFT_STANDARD_LIBRARIES = YES;
				BUNDLE_LOADER = "$(TEST_HOST)";
				CODE_SIGN_STYLE = Automatic;
				INFOPLIST_FILE = ViewTransitionTests/Info.plist;
				IPHONEOS_DEPLOYMENT_TARGET = 14.4;
				LD_RUNPATH_SEARCH_PATHS = (
					"$(inherited)",
					"@executable_path/Frameworks",
					"@loader_path/Frameworks",
				);
				PRODUCT_BUNDLE_IDENTIFIER = HSB.ViewTransitionTests;
				PRODUCT_NAME = "$(TARGET_NAME)";
				SWIFT_VERSION = 5.0;
				TARGETED_DEVICE_FAMILY = "1,2";
				TEST_HOST = "$(BUILT_PRODUCTS_DIR)/ViewTransition.app/ViewTransition";
			};
			name = Release;
		};
		41BCAD9A28BE0293005A92B2 /* Debug */ = {
			isa = XCBuildConfiguration;
			buildSettings = {
				ALWAYS_EMBED_SWIFT_STANDARD_LIBRARIES = YES;
				CODE_SIGN_STYLE = Automatic;
				INFOPLIST_FILE = ViewTransitionUITests/Info.plist;
				LD_RUNPATH_SEARCH_PATHS = (
					"$(inherited)",
					"@executable_path/Frameworks",
					"@loader_path/Frameworks",
				);
				PRODUCT_BUNDLE_IDENTIFIER = HSB.ViewTransitionUITests;
				PRODUCT_NAME = "$(TARGET_NAME)";
				SWIFT_VERSION = 5.0;
				TARGETED_DEVICE_FAMILY = "1,2";
				TEST_TARGET_NAME = ViewTransition;
			};
			name = Debug;
		};
		41BCAD9B28BE0293005A92B2 /* Release */ = {
			isa = XCBuildConfiguration;
			buildSettings = {
				ALWAYS_EMBED_SWIFT_STANDARD_LIBRARIES = YES;
				CODE_SIGN_STYLE = Automatic;
				INFOPLIST_FILE = ViewTransitionUITests/Info.plist;
				LD_RUNPATH_SEARCH_PATHS = (
					"$(inherited)",
					"@executable_path/Frameworks",
					"@loader_path/Frameworks",
				);
				PRODUCT_BUNDLE_IDENTIFIER = HSB.ViewTransitionUITests;
				PRODUCT_NAME = "$(TARGET_NAME)";
				SWIFT_VERSION = 5.0;
				TARGETED_DEVICE_FAMILY = "1,2";
				TEST_TARGET_NAME = ViewTransition;
			};
			name = Release;
		};
/* End XCBuildConfiguration section */

/* Begin XCConfigurationList section */
		41BCAD6428BE028A005A92B2 /* Build configuration list for PBXProject "ViewTransition" */ = {
			isa = XCConfigurationList;
			buildConfigurations = (
				41BCAD9128BE0293005A92B2 /* Debug */,
				41BCAD9228BE0293005A92B2 /* Release */,
			);
			defaultConfigurationIsVisible = 0;
			defaultConfigurationName = Release;
		};
		41BCAD9328BE0293005A92B2 /* Build configuration list for PBXNativeTarget "ViewTransition" */ = {
			isa = XCConfigurationList;
			buildConfigurations = (
				41BCAD9428BE0293005A92B2 /* Debug */,
				41BCAD9528BE0293005A92B2 /* Release */,
			);
			defaultConfigurationIsVisible = 0;
			defaultConfigurationName = Release;
		};
		41BCAD9628BE0293005A92B2 /* Build configuration list for PBXNativeTarget "ViewTransitionTests" */ = {
			isa = XCConfigurationList;
			buildConfigurations = (
				41BCAD9728BE0293005A92B2 /* Debug */,
				41BCAD9828BE0293005A92B2 /* Release */,
			);
			defaultConfigurationIsVisible = 0;
			defaultConfigurationName = Release;
		};
		41BCAD9928BE0293005A92B2 /* Build configuration list for PBXNativeTarget "ViewTransitionUITests" */ = {
			isa = XCConfigurationList;
			buildConfigurations = (
				41BCAD9A28BE0293005A92B2 /* Debug */,
				41BCAD9B28BE0293005A92B2 /* Release */,
			);
			defaultConfigurationIsVisible = 0;
			defaultConfigurationName = Release;
		};
/* End XCConfigurationList section */
	};
	rootObject = 41BCAD6128BE028A005A92B2 /* Project object */;
}
