// !$*UTF8*$!
{
	archiveVersion = 1;
	classes = {
	};
	objectVersion = 50;
	objects = {

/* Begin PBXBuildFile section */
		41F3530B288EC84500145F6E /* AppDelegate.swift in Sources */ = {isa = PBXBuildFile; fileRef = 41F3530A288EC84500145F6E /* AppDelegate.swift */; };
		41F3530D288EC84500145F6E /* SceneDelegate.swift in Sources */ = {isa = PBXBuildFile; fileRef = 41F3530C288EC84500145F6E /* SceneDelegate.swift */; };
		41F3530F288EC84500145F6E /* ViewController.swift in Sources */ = {isa = PBXBuildFile; fileRef = 41F3530E288EC84500145F6E /* ViewController.swift */; };
		41F35312288EC84500145F6E /* Main.storyboard in Resources */ = {isa = PBXBuildFile; fileRef = 41F35310288EC84500145F6E /* Main.storyboard */; };
		41F35314288EC84D00145F6E /* Assets.xcassets in Resources */ = {isa = PBXBuildFile; fileRef = 41F35313288EC84D00145F6E /* Assets.xcassets */; };
		41F35317288EC84D00145F6E /* LaunchScreen.storyboard in Resources */ = {isa = PBXBuildFile; fileRef = 41F35315288EC84D00145F6E /* LaunchScreen.storyboard */; };
		41F35322288EC84D00145F6E /* Scene_Trans02Tests.swift in Sources */ = {isa = PBXBuildFile; fileRef = 41F35321288EC84D00145F6E /* Scene_Trans02Tests.swift */; };
		41F3532D288EC84D00145F6E /* Scene_Trans02UITests.swift in Sources */ = {isa = PBXBuildFile; fileRef = 41F3532C288EC84D00145F6E /* Scene_Trans02UITests.swift */; };
		41F3533E288ECED600145F6E /* SecondViewController.swift in Sources */ = {isa = PBXBuildFile; fileRef = 41F3533D288ECED600145F6E /* SecondViewController.swift */; };
/* End PBXBuildFile section */

/* Begin PBXContainerItemProxy section */
		41F3531E288EC84D00145F6E /* PBXContainerItemProxy */ = {
			isa = PBXContainerItemProxy;
			containerPortal = 41F352FF288EC84500145F6E /* Project object */;
			proxyType = 1;
			remoteGlobalIDString = 41F35306288EC84500145F6E;
			remoteInfo = "Scene-Trans02";
		};
		41F35329288EC84D00145F6E /* PBXContainerItemProxy */ = {
			isa = PBXContainerItemProxy;
			containerPortal = 41F352FF288EC84500145F6E /* Project object */;
			proxyType = 1;
			remoteGlobalIDString = 41F35306288EC84500145F6E;
			remoteInfo = "Scene-Trans02";
		};
/* End PBXContainerItemProxy section */

/* Begin PBXFileReference section */
		41F35307288EC84500145F6E /* Scene-Trans02.app */ = {isa = PBXFileReference; explicitFileType = wrapper.application; includeInIndex = 0; path = "Scene-Trans02.app"; sourceTree = BUILT_PRODUCTS_DIR; };
		41F3530A288EC84500145F6E /* AppDelegate.swift */ = {isa = PBXFileReference; lastKnownFileType = sourcecode.swift; path = AppDelegate.swift; sourceTree = "<group>"; };
		41F3530C288EC84500145F6E /* SceneDelegate.swift */ = {isa = PBXFileReference; lastKnownFileType = sourcecode.swift; path = SceneDelegate.swift; sourceTree = "<group>"; };
		41F3530E288EC84500145F6E /* ViewController.swift */ = {isa = PBXFileReference; lastKnownFileType = sourcecode.swift; path = ViewController.swift; sourceTree = "<group>"; };
		41F35311288EC84500145F6E /* Base */ = {isa = PBXFileReference; lastKnownFileType = file.storyboard; name = Base; path = Base.lproj/Main.storyboard; sourceTree = "<group>"; };
		41F35313288EC84D00145F6E /* Assets.xcassets */ = {isa = PBXFileReference; lastKnownFileType = folder.assetcatalog; path = Assets.xcassets; sourceTree = "<group>"; };
		41F35316288EC84D00145F6E /* Base */ = {isa = PBXFileReference; lastKnownFileType = file.storyboard; name = Base; path = Base.lproj/LaunchScreen.storyboard; sourceTree = "<group>"; };
		41F35318288EC84D00145F6E /* Info.plist */ = {isa = PBXFileReference; lastKnownFileType = text.plist.xml; path = Info.plist; sourceTree = "<group>"; };
		41F3531D288EC84D00145F6E /* Scene-Trans02Tests.xctest */ = {isa = PBXFileReference; explicitFileType = wrapper.cfbundle; includeInIndex = 0; path = "Scene-Trans02Tests.xctest"; sourceTree = BUILT_PRODUCTS_DIR; };
		41F35321288EC84D00145F6E /* Scene_Trans02Tests.swift */ = {isa = PBXFileReference; lastKnownFileType = sourcecode.swift; path = Scene_Trans02Tests.swift; sourceTree = "<group>"; };
		41F35323288EC84D00145F6E /* Info.plist */ = {isa = PBXFileReference; lastKnownFileType = text.plist.xml; path = Info.plist; sourceTree = "<group>"; };
		41F35328288EC84D00145F6E /* Scene-Trans02UITests.xctest */ = {isa = PBXFileReference; explicitFileType = wrapper.cfbundle; includeInIndex = 0; path = "Scene-Trans02UITests.xctest"; sourceTree = BUILT_PRODUCTS_DIR; };
		41F3532C288EC84D00145F6E /* Scene_Trans02UITests.swift */ = {isa = PBXFileReference; lastKnownFileType = sourcecode.swift; path = Scene_Trans02UITests.swift; sourceTree = "<group>"; };
		41F3532E288EC84D00145F6E /* Info.plist */ = {isa = PBXFileReference; lastKnownFileType = text.plist.xml; path = Info.plist; sourceTree = "<group>"; };
		41F3533D288ECED600145F6E /* SecondViewController.swift */ = {isa = PBXFileReference; lastKnownFileType = sourcecode.swift; path = SecondViewController.swift; sourceTree = "<group>"; };
/* End PBXFileReference section */

/* Begin PBXFrameworksBuildPhase section */
		41F35304288EC84500145F6E /* Frameworks */ = {
			isa = PBXFrameworksBuildPhase;
			buildActionMask = 2147483647;
			files = (
			);
			runOnlyForDeploymentPostprocessing = 0;
		};
		41F3531A288EC84D00145F6E /* Frameworks */ = {
			isa = PBXFrameworksBuildPhase;
			buildActionMask = 2147483647;
			files = (
			);
			runOnlyForDeploymentPostprocessing = 0;
		};
		41F35325288EC84D00145F6E /* Frameworks */ = {
			isa = PBXFrameworksBuildPhase;
			buildActionMask = 2147483647;
			files = (
			);
			runOnlyForDeploymentPostprocessing = 0;
		};
/* End PBXFrameworksBuildPhase section */

/* Begin PBXGroup section */
		41F352FE288EC84500145F6E = {
			isa = PBXGroup;
			children = (
				41F35309288EC84500145F6E /* Scene-Trans02 */,
				41F35320288EC84D00145F6E /* Scene-Trans02Tests */,
				41F3532B288EC84D00145F6E /* Scene-Trans02UITests */,
				41F35308288EC84500145F6E /* Products */,
			);
			sourceTree = "<group>";
		};
		41F35308288EC84500145F6E /* Products */ = {
			isa = PBXGroup;
			children = (
				41F35307288EC84500145F6E /* Scene-Trans02.app */,
				41F3531D288EC84D00145F6E /* Scene-Trans02Tests.xctest */,
				41F35328288EC84D00145F6E /* Scene-Trans02UITests.xctest */,
			);
			name = Products;
			sourceTree = "<group>";
		};
		41F35309288EC84500145F6E /* Scene-Trans02 */ = {
			isa = PBXGroup;
			children = (
				41F3530A288EC84500145F6E /* AppDelegate.swift */,
				41F3530C288EC84500145F6E /* SceneDelegate.swift */,
				41F3530E288EC84500145F6E /* ViewController.swift */,
				41F3533D288ECED600145F6E /* SecondViewController.swift */,
				41F35310288EC84500145F6E /* Main.storyboard */,
				41F35313288EC84D00145F6E /* Assets.xcassets */,
				41F35315288EC84D00145F6E /* LaunchScreen.storyboard */,
				41F35318288EC84D00145F6E /* Info.plist */,
			);
			path = "Scene-Trans02";
			sourceTree = "<group>";
		};
		41F35320288EC84D00145F6E /* Scene-Trans02Tests */ = {
			isa = PBXGroup;
			children = (
				41F35321288EC84D00145F6E /* Scene_Trans02Tests.swift */,
				41F35323288EC84D00145F6E /* Info.plist */,
			);
			path = "Scene-Trans02Tests";
			sourceTree = "<group>";
		};
		41F3532B288EC84D00145F6E /* Scene-Trans02UITests */ = {
			isa = PBXGroup;
			children = (
				41F3532C288EC84D00145F6E /* Scene_Trans02UITests.swift */,
				41F3532E288EC84D00145F6E /* Info.plist */,
			);
			path = "Scene-Trans02UITests";
			sourceTree = "<group>";
		};
/* End PBXGroup section */

/* Begin PBXNativeTarget section */
		41F35306288EC84500145F6E /* Scene-Trans02 */ = {
			isa = PBXNativeTarget;
			buildConfigurationList = 41F35331288EC84D00145F6E /* Build configuration list for PBXNativeTarget "Scene-Trans02" */;
			buildPhases = (
				41F35303288EC84500145F6E /* Sources */,
				41F35304288EC84500145F6E /* Frameworks */,
				41F35305288EC84500145F6E /* Resources */,
			);
			buildRules = (
			);
			dependencies = (
			);
			name = "Scene-Trans02";
			productName = "Scene-Trans02";
			productReference = 41F35307288EC84500145F6E /* Scene-Trans02.app */;
			productType = "com.apple.product-type.application";
		};
		41F3531C288EC84D00145F6E /* Scene-Trans02Tests */ = {
			isa = PBXNativeTarget;
			buildConfigurationList = 41F35334288EC84D00145F6E /* Build configuration list for PBXNativeTarget "Scene-Trans02Tests" */;
			buildPhases = (
				41F35319288EC84D00145F6E /* Sources */,
				41F3531A288EC84D00145F6E /* Frameworks */,
				41F3531B288EC84D00145F6E /* Resources */,
			);
			buildRules = (
			);
			dependencies = (
				41F3531F288EC84D00145F6E /* PBXTargetDependency */,
			);
			name = "Scene-Trans02Tests";
			productName = "Scene-Trans02Tests";
			productReference = 41F3531D288EC84D00145F6E /* Scene-Trans02Tests.xctest */;
			productType = "com.apple.product-type.bundle.unit-test";
		};
		41F35327288EC84D00145F6E /* Scene-Trans02UITests */ = {
			isa = PBXNativeTarget;
			buildConfigurationList = 41F35337288EC84D00145F6E /* Build configuration list for PBXNativeTarget "Scene-Trans02UITests" */;
			buildPhases = (
				41F35324288EC84D00145F6E /* Sources */,
				41F35325288EC84D00145F6E /* Frameworks */,
				41F35326288EC84D00145F6E /* Resources */,
			);
			buildRules = (
			);
			dependencies = (
				41F3532A288EC84D00145F6E /* PBXTargetDependency */,
			);
			name = "Scene-Trans02UITests";
			productName = "Scene-Trans02UITests";
			productReference = 41F35328288EC84D00145F6E /* Scene-Trans02UITests.xctest */;
			productType = "com.apple.product-type.bundle.ui-testing";
		};
/* End PBXNativeTarget section */

/* Begin PBXProject section */
		41F352FF288EC84500145F6E /* Project object */ = {
			isa = PBXProject;
			attributes = {
				LastSwiftUpdateCheck = 1240;
				LastUpgradeCheck = 1240;
				TargetAttributes = {
					41F35306288EC84500145F6E = {
						CreatedOnToolsVersion = 12.4;
					};
					41F3531C288EC84D00145F6E = {
						CreatedOnToolsVersion = 12.4;
						TestTargetID = 41F35306288EC84500145F6E;
					};
					41F35327288EC84D00145F6E = {
						CreatedOnToolsVersion = 12.4;
						TestTargetID = 41F35306288EC84500145F6E;
					};
				};
			};
			buildConfigurationList = 41F35302288EC84500145F6E /* Build configuration list for PBXProject "Scene-Trans02" */;
			compatibilityVersion = "Xcode 9.3";
			developmentRegion = en;
			hasScannedForEncodings = 0;
			knownRegions = (
				en,
				Base,
			);
			mainGroup = 41F352FE288EC84500145F6E;
			productRefGroup = 41F35308288EC84500145F6E /* Products */;
			projectDirPath = "";
			projectRoot = "";
			targets = (
				41F35306288EC84500145F6E /* Scene-Trans02 */,
				41F3531C288EC84D00145F6E /* Scene-Trans02Tests */,
				41F35327288EC84D00145F6E /* Scene-Trans02UITests */,
			);
		};
/* End PBXProject section */

/* Begin PBXResourcesBuildPhase section */
		41F35305288EC84500145F6E /* Resources */ = {
			isa = PBXResourcesBuildPhase;
			buildActionMask = 2147483647;
			files = (
				41F35317288EC84D00145F6E /* LaunchScreen.storyboard in Resources */,
				41F35314288EC84D00145F6E /* Assets.xcassets in Resources */,
				41F35312288EC84500145F6E /* Main.storyboard in Resources */,
			);
			runOnlyForDeploymentPostprocessing = 0;
		};
		41F3531B288EC84D00145F6E /* Resources */ = {
			isa = PBXResourcesBuildPhase;
			buildActionMask = 2147483647;
			files = (
			);
			runOnlyForDeploymentPostprocessing = 0;
		};
		41F35326288EC84D00145F6E /* Resources */ = {
			isa = PBXResourcesBuildPhase;
			buildActionMask = 2147483647;
			files = (
			);
			runOnlyForDeploymentPostprocessing = 0;
		};
/* End PBXResourcesBuildPhase section */

/* Begin PBXSourcesBuildPhase section */
		41F35303288EC84500145F6E /* Sources */ = {
			isa = PBXSourcesBuildPhase;
			buildActionMask = 2147483647;
			files = (
				41F3533E288ECED600145F6E /* SecondViewController.swift in Sources */,
				41F3530F288EC84500145F6E /* ViewController.swift in Sources */,
				41F3530B288EC84500145F6E /* AppDelegate.swift in Sources */,
				41F3530D288EC84500145F6E /* SceneDelegate.swift in Sources */,
			);
			runOnlyForDeploymentPostprocessing = 0;
		};
		41F35319288EC84D00145F6E /* Sources */ = {
			isa = PBXSourcesBuildPhase;
			buildActionMask = 2147483647;
			files = (
				41F35322288EC84D00145F6E /* Scene_Trans02Tests.swift in Sources */,
			);
			runOnlyForDeploymentPostprocessing = 0;
		};
		41F35324288EC84D00145F6E /* Sources */ = {
			isa = PBXSourcesBuildPhase;
			buildActionMask = 2147483647;
			files = (
				41F3532D288EC84D00145F6E /* Scene_Trans02UITests.swift in Sources */,
			);
			runOnlyForDeploymentPostprocessing = 0;
		};
/* End PBXSourcesBuildPhase section */

/* Begin PBXTargetDependency section */
		41F3531F288EC84D00145F6E /* PBXTargetDependency */ = {
			isa = PBXTargetDependency;
			target = 41F35306288EC84500145F6E /* Scene-Trans02 */;
			targetProxy = 41F3531E288EC84D00145F6E /* PBXContainerItemProxy */;
		};
		41F3532A288EC84D00145F6E /* PBXTargetDependency */ = {
			isa = PBXTargetDependency;
			target = 41F35306288EC84500145F6E /* Scene-Trans02 */;
			targetProxy = 41F35329288EC84D00145F6E /* PBXContainerItemProxy */;
		};
/* End PBXTargetDependency section */

/* Begin PBXVariantGroup section */
		41F35310288EC84500145F6E /* Main.storyboard */ = {
			isa = PBXVariantGroup;
			children = (
				41F35311288EC84500145F6E /* Base */,
			);
			name = Main.storyboard;
			sourceTree = "<group>";
		};
		41F35315288EC84D00145F6E /* LaunchScreen.storyboard */ = {
			isa = PBXVariantGroup;
			children = (
				41F35316288EC84D00145F6E /* Base */,
			);
			name = LaunchScreen.storyboard;
			sourceTree = "<group>";
		};
/* End PBXVariantGroup section */

/* Begin XCBuildConfiguration section */
		41F3532F288EC84D00145F6E /* Debug */ = {
			isa = XCBuildConfiguration;
			buildSettings = {
				ALWAYS_SEARCH_USER_PATHS = NO;
				CLANG_ANALYZER_NONNULL = YES;
				CLANG_ANALYZER_NUMBER_OBJECT_CONVERSION = YES_AGGRESSIVE;
				CLANG_CXX_LANGUAGE_STANDARD = "gnu++14";
				CLANG_CXX_LIBRARY = "libc++";
				CLANG_ENABLE_MODULES = YES;
				CLANG_ENABLE_OBJC_ARC = YES;
				CLANG_ENABLE_OBJC_WEAK = YES;
				CLANG_WARN_BLOCK_CAPTURE_AUTORELEASING = YES;
				CLANG_WARN_BOOL_CONVERSION = YES;
				CLANG_WARN_COMMA = YES;
				CLANG_WARN_CONSTANT_CONVERSION = YES;
				CLANG_WARN_DEPRECATED_OBJC_IMPLEMENTATIONS = YES;
				CLANG_WARN_DIRECT_OBJC_ISA_USAGE = YES_ERROR;
				CLANG_WARN_DOCUMENTATION_COMMENTS = YES;
				CLANG_WARN_EMPTY_BODY = YES;
				CLANG_WARN_ENUM_CONVERSION = YES;
				CLANG_WARN_INFINITE_RECURSION = YES;
				CLANG_WARN_INT_CONVERSION = YES;
				CLANG_WARN_NON_LITERAL_NULL_CONVERSION = YES;
				CLANG_WARN_OBJC_IMPLICIT_RETAIN_SELF = YES;
				CLANG_WARN_OBJC_LITERAL_CONVERSION = YES;
				CLANG_WARN_OBJC_ROOT_CLASS = YES_ERROR;
				CLANG_WARN_QUOTED_INCLUDE_IN_FRAMEWORK_HEADER = YES;
				CLANG_WARN_RANGE_LOOP_ANALYSIS = YES;
				CLANG_WARN_STRICT_PROTOTYPES = YES;
				CLANG_WARN_SUSPICIOUS_MOVE = YES;
				CLANG_WARN_UNGUARDED_AVAILABILITY = YES_AGGRESSIVE;
				CLANG_WARN_UNREACHABLE_CODE = YES;
				CLANG_WARN__DUPLICATE_METHOD_MATCH = YES;
				COPY_PHASE_STRIP = NO;
				DEBUG_INFORMATION_FORMAT = dwarf;
				ENABLE_STRICT_OBJC_MSGSEND = YES;
				ENABLE_TESTABILITY = YES;
				GCC_C_LANGUAGE_STANDARD = gnu11;
				GCC_DYNAMIC_NO_PIC = NO;
				GCC_NO_COMMON_BLOCKS = YES;
				GCC_OPTIMIZATION_LEVEL = 0;
				GCC_PREPROCESSOR_DEFINITIONS = (
					"DEBUG=1",
					"$(inherited)",
				);
				GCC_WARN_64_TO_32_BIT_CONVERSION = YES;
				GCC_WARN_ABOUT_RETURN_TYPE = YES_ERROR;
				GCC_WARN_UNDECLARED_SELECTOR = YES;
				GCC_WARN_UNINITIALIZED_AUTOS = YES_AGGRESSIVE;
				GCC_WARN_UNUSED_FUNCTION = YES;
				GCC_WARN_UNUSED_VARIABLE = YES;
				IPHONEOS_DEPLOYMENT_TARGET = 14.4;
				MTL_ENABLE_DEBUG_INFO = INCLUDE_SOURCE;
				MTL_FAST_MATH = YES;
				ONLY_ACTIVE_ARCH = YES;
				SDKROOT = iphoneos;
				SWIFT_ACTIVE_COMPILATION_CONDITIONS = DEBUG;
				SWIFT_OPTIMIZATION_LEVEL = "-Onone";
			};
			name = Debug;
		};
		41F35330288EC84D00145F6E /* Release */ = {
			isa = XCBuildConfiguration;
			buildSettings = {
				ALWAYS_SEARCH_USER_PATHS = NO;
				CLANG_ANALYZER_NONNULL = YES;
				CLANG_ANALYZER_NUMBER_OBJECT_CONVERSION = YES_AGGRESSIVE;
				CLANG_CXX_LANGUAGE_STANDARD = "gnu++14";
				CLANG_CXX_LIBRARY = "libc++";
				CLANG_ENABLE_MODULES = YES;
				CLANG_ENABLE_OBJC_ARC = YES;
				CLANG_ENABLE_OBJC_WEAK = YES;
				CLANG_WARN_BLOCK_CAPTURE_AUTORELEASING = YES;
				CLANG_WARN_BOOL_CONVERSION = YES;
				CLANG_WARN_COMMA = YES;
				CLANG_WARN_CONSTANT_CONVERSION = YES;
				CLANG_WARN_DEPRECATED_OBJC_IMPLEMENTATIONS = YES;
				CLANG_WARN_DIRECT_OBJC_ISA_USAGE = YES_ERROR;
				CLANG_WARN_DOCUMENTATION_COMMENTS = YES;
				CLANG_WARN_EMPTY_BODY = YES;
				CLANG_WARN_ENUM_CONVERSION = YES;
				CLANG_WARN_INFINITE_RECURSION = YES;
				CLANG_WARN_INT_CONVERSION = YES;
				CLANG_WARN_NON_LITERAL_NULL_CONVERSION = YES;
				CLANG_WARN_OBJC_IMPLICIT_RETAIN_SELF = YES;
				CLANG_WARN_OBJC_LITERAL_CONVERSION = YES;
				CLANG_WARN_OBJC_ROOT_CLASS = YES_ERROR;
				CLANG_WARN_QUOTED_INCLUDE_IN_FRAMEWORK_HEADER = YES;
				CLANG_WARN_RANGE_LOOP_ANALYSIS = YES;
				CLANG_WARN_STRICT_PROTOTYPES = YES;
				CLANG_WARN_SUSPICIOUS_MOVE = YES;
				CLANG_WARN_UNGUARDED_AVAILABILITY = YES_AGGRESSIVE;
				CLANG_WARN_UNREACHABLE_CODE = YES;
				CLANG_WARN__DUPLICATE_METHOD_MATCH = YES;
				COPY_PHASE_STRIP = NO;
				DEBUG_INFORMATION_FORMAT = "dwarf-with-dsym";
				ENABLE_NS_ASSERTIONS = NO;
				ENABLE_STRICT_OBJC_MSGSEND = YES;
				GCC_C_LANGUAGE_STANDARD = gnu11;
				GCC_NO_COMMON_BLOCKS = YES;
				GCC_WARN_64_TO_32_BIT_CONVERSION = YES;
				GCC_WARN_ABOUT_RETURN_TYPE = YES_ERROR;
				GCC_WARN_UNDECLARED_SELECTOR = YES;
				GCC_WARN_UNINITIALIZED_AUTOS = YES_AGGRESSIVE;
				GCC_WARN_UNUSED_FUNCTION = YES;
				GCC_WARN_UNUSED_VARIABLE = YES;
				IPHONEOS_DEPLOYMENT_TARGET = 14.4;
				MTL_ENABLE_DEBUG_INFO = NO;
				MTL_FAST_MATH = YES;
				SDKROOT = iphoneos;
				SWIFT_COMPILATION_MODE = wholemodule;
				SWIFT_OPTIMIZATION_LEVEL = "-O";
				VALIDATE_PRODUCT = YES;
			};
			name = Release;
		};
		41F35332288EC84D00145F6E /* Debug */ = {
			isa = XCBuildConfiguration;
			buildSettings = {
				ASSETCATALOG_COMPILER_APPICON_NAME = AppIcon;
				ASSETCATALOG_COMPILER_GLOBAL_ACCENT_COLOR_NAME = AccentColor;
				CODE_SIGN_STYLE = Automatic;
				INFOPLIST_FILE = "Scene-Trans02/Info.plist";
				LD_RUNPATH_SEARCH_PATHS = (
					"$(inherited)",
					"@executable_path/Frameworks",
				);
				PRODUCT_BUNDLE_IDENTIFIER = "HSB.Scene-Trans02";
				PRODUCT_NAME = "$(TARGET_NAME)";
				SWIFT_VERSION = 5.0;
				TARGETED_DEVICE_FAMILY = "1,2";
			};
			name = Debug;
		};
		41F35333288EC84D00145F6E /* Release */ = {
			isa = XCBuildConfiguration;
			buildSettings = {
				ASSETCATALOG_COMPILER_APPICON_NAME = AppIcon;
				ASSETCATALOG_COMPILER_GLOBAL_ACCENT_COLOR_NAME = AccentColor;
				CODE_SIGN_STYLE = Automatic;
				INFOPLIST_FILE = "Scene-Trans02/Info.plist";
				LD_RUNPATH_SEARCH_PATHS = (
					"$(inherited)",
					"@executable_path/Frameworks",
				);
				PRODUCT_BUNDLE_IDENTIFIER = "HSB.Scene-Trans02";
				PRODUCT_NAME = "$(TARGET_NAME)";
				SWIFT_VERSION = 5.0;
				TARGETED_DEVICE_FAMILY = "1,2";
			};
			name = Release;
		};
		41F35335288EC84D00145F6E /* Debug */ = {
			isa = XCBuildConfiguration;
			buildSettings = {
				ALWAYS_EMBED_SWIFT_STANDARD_LIBRARIES = YES;
				BUNDLE_LOADER = "$(TEST_HOST)";
				CODE_SIGN_STYLE = Automatic;
				INFOPLIST_FILE = "Scene-Trans02Tests/Info.plist";
				IPHONEOS_DEPLOYMENT_TARGET = 14.4;
				LD_RUNPATH_SEARCH_PATHS = (
					"$(inherited)",
					"@executable_path/Frameworks",
					"@loader_path/Frameworks",
				);
				PRODUCT_BUNDLE_IDENTIFIER = "HSB.Scene-Trans02Tests";
				PRODUCT_NAME = "$(TARGET_NAME)";
				SWIFT_VERSION = 5.0;
				TARGETED_DEVICE_FAMILY = "1,2";
				TEST_HOST = "$(BUILT_PRODUCTS_DIR)/Scene-Trans02.app/Scene-Trans02";
			};
			name = Debug;
		};
		41F35336288EC84D00145F6E /* Release */ = {
			isa = XCBuildConfiguration;
			buildSettings = {
				ALWAYS_EMBED_SWIFT_STANDARD_LIBRARIES = YES;
				BUNDLE_LOADER = "$(TEST_HOST)";
				CODE_SIGN_STYLE = Automatic;
				INFOPLIST_FILE = "Scene-Trans02Tests/Info.plist";
				IPHONEOS_DEPLOYMENT_TARGET = 14.4;
				LD_RUNPATH_SEARCH_PATHS = (
					"$(inherited)",
					"@executable_path/Frameworks",
					"@loader_path/Frameworks",
				);
				PRODUCT_BUNDLE_IDENTIFIER = "HSB.Scene-Trans02Tests";
				PRODUCT_NAME = "$(TARGET_NAME)";
				SWIFT_VERSION = 5.0;
				TARGETED_DEVICE_FAMILY = "1,2";
				TEST_HOST = "$(BUILT_PRODUCTS_DIR)/Scene-Trans02.app/Scene-Trans02";
			};
			name = Release;
		};
		41F35338288EC84D00145F6E /* Debug */ = {
			isa = XCBuildConfiguration;
			buildSettings = {
				ALWAYS_EMBED_SWIFT_STANDARD_LIBRARIES = YES;
				CODE_SIGN_STYLE = Automatic;
				INFOPLIST_FILE = "Scene-Trans02UITests/Info.plist";
				LD_RUNPATH_SEARCH_PATHS = (
					"$(inherited)",
					"@executable_path/Frameworks",
					"@loader_path/Frameworks",
				);
				PRODUCT_BUNDLE_IDENTIFIER = "HSB.Scene-Trans02UITests";
				PRODUCT_NAME = "$(TARGET_NAME)";
				SWIFT_VERSION = 5.0;
				TARGETED_DEVICE_FAMILY = "1,2";
				TEST_TARGET_NAME = "Scene-Trans02";
			};
			name = Debug;
		};
		41F35339288EC84D00145F6E /* Release */ = {
			isa = XCBuildConfiguration;
			buildSettings = {
				ALWAYS_EMBED_SWIFT_STANDARD_LIBRARIES = YES;
				CODE_SIGN_STYLE = Automatic;
				INFOPLIST_FILE = "Scene-Trans02UITests/Info.plist";
				LD_RUNPATH_SEARCH_PATHS = (
					"$(inherited)",
					"@executable_path/Frameworks",
					"@loader_path/Frameworks",
				);
				PRODUCT_BUNDLE_IDENTIFIER = "HSB.Scene-Trans02UITests";
				PRODUCT_NAME = "$(TARGET_NAME)";
				SWIFT_VERSION = 5.0;
				TARGETED_DEVICE_FAMILY = "1,2";
				TEST_TARGET_NAME = "Scene-Trans02";
			};
			name = Release;
		};
/* End XCBuildConfiguration section */

/* Begin XCConfigurationList section */
		41F35302288EC84500145F6E /* Build configuration list for PBXProject "Scene-Trans02" */ = {
			isa = XCConfigurationList;
			buildConfigurations = (
				41F3532F288EC84D00145F6E /* Debug */,
				41F35330288EC84D00145F6E /* Release */,
			);
			defaultConfigurationIsVisible = 0;
			defaultConfigurationName = Release;
		};
		41F35331288EC84D00145F6E /* Build configuration list for PBXNativeTarget "Scene-Trans02" */ = {
			isa = XCConfigurationList;
			buildConfigurations = (
				41F35332288EC84D00145F6E /* Debug */,
				41F35333288EC84D00145F6E /* Release */,
			);
			defaultConfigurationIsVisible = 0;
			defaultConfigurationName = Release;
		};
		41F35334288EC84D00145F6E /* Build configuration list for PBXNativeTarget "Scene-Trans02Tests" */ = {
			isa = XCConfigurationList;
			buildConfigurations = (
				41F35335288EC84D00145F6E /* Debug */,
				41F35336288EC84D00145F6E /* Release */,
			);
			defaultConfigurationIsVisible = 0;
			defaultConfigurationName = Release;
		};
		41F35337288EC84D00145F6E /* Build configuration list for PBXNativeTarget "Scene-Trans02UITests" */ = {
			isa = XCConfigurationList;
			buildConfigurations = (
				41F35338288EC84D00145F6E /* Debug */,
				41F35339288EC84D00145F6E /* Release */,
			);
			defaultConfigurationIsVisible = 0;
			defaultConfigurationName = Release;
		};
/* End XCConfigurationList section */
	};
	rootObject = 41F352FF288EC84500145F6E /* Project object */;
}
